// !$*UTF8*$!
{
	archiveVersion = 1;
	classes = {
	};
	objectVersion = 46;
	objects = {

/* Begin PBXBuildFile section */
		1812531718FA1112008303E8 /* Foundation.framework in Frameworks */ = {isa = PBXBuildFile; fileRef = 1812531618FA1112008303E8 /* Foundation.framework */; };
		1812531918FA1112008303E8 /* CoreGraphics.framework in Frameworks */ = {isa = PBXBuildFile; fileRef = 1812531818FA1112008303E8 /* CoreGraphics.framework */; };
		1812531B18FA1112008303E8 /* UIKit.framework in Frameworks */ = {isa = PBXBuildFile; fileRef = 1812531A18FA1112008303E8 /* UIKit.framework */; };
		1812532118FA1112008303E8 /* InfoPlist.strings in Resources */ = {isa = PBXBuildFile; fileRef = 1812531F18FA1112008303E8 /* InfoPlist.strings */; };
		1812532318FA1112008303E8 /* main.m in Sources */ = {isa = PBXBuildFile; fileRef = 1812532218FA1112008303E8 /* main.m */; };
		1812532718FA1112008303E8 /* AppDelegate.m in Sources */ = {isa = PBXBuildFile; fileRef = 1812532618FA1112008303E8 /* AppDelegate.m */; };
		1812532A18FA1112008303E8 /* Main.storyboard in Resources */ = {isa = PBXBuildFile; fileRef = 1812532818FA1112008303E8 /* Main.storyboard */; };
		1812532D18FA1112008303E8 /* ViewController.m in Sources */ = {isa = PBXBuildFile; fileRef = 1812532C18FA1112008303E8 /* ViewController.m */; };
		1812532F18FA1112008303E8 /* Images.xcassets in Resources */ = {isa = PBXBuildFile; fileRef = 1812532E18FA1112008303E8 /* Images.xcassets */; };
		1812533618FA1112008303E8 /* XCTest.framework in Frameworks */ = {isa = PBXBuildFile; fileRef = 1812533518FA1112008303E8 /* XCTest.framework */; };
		1812533718FA1112008303E8 /* Foundation.framework in Frameworks */ = {isa = PBXBuildFile; fileRef = 1812531618FA1112008303E8 /* Foundation.framework */; };
		1812533818FA1112008303E8 /* UIKit.framework in Frameworks */ = {isa = PBXBuildFile; fileRef = 1812531A18FA1112008303E8 /* UIKit.framework */; };
		1812534018FA1112008303E8 /* InfoPlist.strings in Resources */ = {isa = PBXBuildFile; fileRef = 1812533E18FA1112008303E8 /* InfoPlist.strings */; };
		1812534218FA1112008303E8 /* PulseWorxTests.m in Sources */ = {isa = PBXBuildFile; fileRef = 1812534118FA1112008303E8 /* PulseWorxTests.m */; };
		1812536B18FAEF0D008303E8 /* FileRecordElement.m in Sources */ = {isa = PBXBuildFile; fileRef = 1812536218FAEF0D008303E8 /* FileRecordElement.m */; };
		1812536C18FAEF0D008303E8 /* ImportUpeString.m in Sources */ = {isa = PBXBuildFile; fileRef = 1812536418FAEF0D008303E8 /* ImportUpeString.m */; };
		1812536D18FAEF0D008303E8 /* PulseWorxEntity.m in Sources */ = {isa = PBXBuildFile; fileRef = 1812536618FAEF0D008303E8 /* PulseWorxEntity.m */; };
		1812536E18FAEF0D008303E8 /* PulseWorxSystem.m in Sources */ = {isa = PBXBuildFile; fileRef = 1812536818FAEF0D008303E8 /* PulseWorxSystem.m */; };
		1812536F18FAEF0D008303E8 /* UpeTableViewController.m in Sources */ = {isa = PBXBuildFile; fileRef = 1812536A18FAEF0D008303E8 /* UpeTableViewController.m */; };
/* End PBXBuildFile section */

/* Begin PBXContainerItemProxy section */
		1812533918FA1112008303E8 /* PBXContainerItemProxy */ = {
			isa = PBXContainerItemProxy;
			containerPortal = 1812530B18FA1112008303E8 /* Project object */;
			proxyType = 1;
			remoteGlobalIDString = 1812531218FA1112008303E8;
			remoteInfo = PulseWorx;
		};
/* End PBXContainerItemProxy section */

/* Begin PBXFileReference section */
		1812531318FA1112008303E8 /* PulseWorx.app */ = {isa = PBXFileReference; explicitFileType = wrapper.application; includeInIndex = 0; path = PulseWorx.app; sourceTree = BUILT_PRODUCTS_DIR; };
		1812531618FA1112008303E8 /* Foundation.framework */ = {isa = PBXFileReference; lastKnownFileType = wrapper.framework; name = Foundation.framework; path = System/Library/Frameworks/Foundation.framework; sourceTree = SDKROOT; };
		1812531818FA1112008303E8 /* CoreGraphics.framework */ = {isa = PBXFileReference; lastKnownFileType = wrapper.framework; name = CoreGraphics.framework; path = System/Library/Frameworks/CoreGraphics.framework; sourceTree = SDKROOT; };
		1812531A18FA1112008303E8 /* UIKit.framework */ = {isa = PBXFileReference; lastKnownFileType = wrapper.framework; name = UIKit.framework; path = System/Library/Frameworks/UIKit.framework; sourceTree = SDKROOT; };
		1812531E18FA1112008303E8 /* PulseWorx-Info.plist */ = {isa = PBXFileReference; lastKnownFileType = text.plist.xml; path = "PulseWorx-Info.plist"; sourceTree = "<group>"; };
		1812532018FA1112008303E8 /* en */ = {isa = PBXFileReference; lastKnownFileType = text.plist.strings; name = en; path = en.lproj/InfoPlist.strings; sourceTree = "<group>"; };
		1812532218FA1112008303E8 /* main.m */ = {isa = PBXFileReference; lastKnownFileType = sourcecode.c.objc; path = main.m; sourceTree = "<group>"; };
		1812532418FA1112008303E8 /* PulseWorx-Prefix.pch */ = {isa = PBXFileReference; lastKnownFileType = sourcecode.c.h; path = "PulseWorx-Prefix.pch"; sourceTree = "<group>"; };
		1812532518FA1112008303E8 /* AppDelegate.h */ = {isa = PBXFileReference; lastKnownFileType = sourcecode.c.h; path = AppDelegate.h; sourceTree = "<group>"; };
		1812532618FA1112008303E8 /* AppDelegate.m */ = {isa = PBXFileReference; lastKnownFileType = sourcecode.c.objc; path = AppDelegate.m; sourceTree = "<group>"; };
		1812532918FA1112008303E8 /* Base */ = {isa = PBXFileReference; lastKnownFileType = file.storyboard; name = Base; path = Base.lproj/Main.storyboard; sourceTree = "<group>"; };
		1812532B18FA1112008303E8 /* ViewController.h */ = {isa = PBXFileReference; lastKnownFileType = sourcecode.c.h; path = ViewController.h; sourceTree = "<group>"; };
		1812532C18FA1112008303E8 /* ViewController.m */ = {isa = PBXFileReference; lastKnownFileType = sourcecode.c.objc; path = ViewController.m; sourceTree = "<group>"; };
		1812532E18FA1112008303E8 /* Images.xcassets */ = {isa = PBXFileReference; lastKnownFileType = folder.assetcatalog; path = Images.xcassets; sourceTree = "<group>"; };
		1812533418FA1112008303E8 /* PulseWorxTests.xctest */ = {isa = PBXFileReference; explicitFileType = wrapper.cfbundle; includeInIndex = 0; path = PulseWorxTests.xctest; sourceTree = BUILT_PRODUCTS_DIR; };
		1812533518FA1112008303E8 /* XCTest.framework */ = {isa = PBXFileReference; lastKnownFileType = wrapper.framework; name = XCTest.framework; path = Library/Frameworks/XCTest.framework; sourceTree = DEVELOPER_DIR; };
		1812533D18FA1112008303E8 /* PulseWorxTests-Info.plist */ = {isa = PBXFileReference; lastKnownFileType = text.plist.xml; path = "PulseWorxTests-Info.plist"; sourceTree = "<group>"; };
		1812533F18FA1112008303E8 /* en */ = {isa = PBXFileReference; lastKnownFileType = text.plist.strings; name = en; path = en.lproj/InfoPlist.strings; sourceTree = "<group>"; };
		1812534118FA1112008303E8 /* PulseWorxTests.m */ = {isa = PBXFileReference; lastKnownFileType = sourcecode.c.objc; path = PulseWorxTests.m; sourceTree = "<group>"; };
		1812536118FAEF0D008303E8 /* FileRecordElement.h */ = {isa = PBXFileReference; fileEncoding = 4; lastKnownFileType = sourcecode.c.h; path = FileRecordElement.h; sourceTree = "<group>"; };
		1812536218FAEF0D008303E8 /* FileRecordElement.m */ = {isa = PBXFileReference; fileEncoding = 4; lastKnownFileType = sourcecode.c.objc; path = FileRecordElement.m; sourceTree = "<group>"; };
		1812536318FAEF0D008303E8 /* ImportUpeString.h */ = {isa = PBXFileReference; fileEncoding = 4; lastKnownFileType = sourcecode.c.h; path = ImportUpeString.h; sourceTree = "<group>"; };
		1812536418FAEF0D008303E8 /* ImportUpeString.m */ = {isa = PBXFileReference; fileEncoding = 4; lastKnownFileType = sourcecode.c.objc; path = ImportUpeString.m; sourceTree = "<group>"; };
		1812536518FAEF0D008303E8 /* PulseWorxEntity.h */ = {isa = PBXFileReference; fileEncoding = 4; lastKnownFileType = sourcecode.c.h; path = PulseWorxEntity.h; sourceTree = "<group>"; };
		1812536618FAEF0D008303E8 /* PulseWorxEntity.m */ = {isa = PBXFileReference; fileEncoding = 4; lastKnownFileType = sourcecode.c.objc; path = PulseWorxEntity.m; sourceTree = "<group>"; };
		1812536718FAEF0D008303E8 /* PulseWorxSystem.h */ = {isa = PBXFileReference; fileEncoding = 4; lastKnownFileType = sourcecode.c.h; path = PulseWorxSystem.h; sourceTree = "<group>"; };
		1812536818FAEF0D008303E8 /* PulseWorxSystem.m */ = {isa = PBXFileReference; fileEncoding = 4; lastKnownFileType = sourcecode.c.objc; path = PulseWorxSystem.m; sourceTree = "<group>"; };
		1812536918FAEF0D008303E8 /* UpeTableViewController.h */ = {isa = PBXFileReference; fileEncoding = 4; lastKnownFileType = sourcecode.c.h; path = UpeTableViewController.h; sourceTree = "<group>"; };
		1812536A18FAEF0D008303E8 /* UpeTableViewController.m */ = {isa = PBXFileReference; fileEncoding = 4; lastKnownFileType = sourcecode.c.objc; path = UpeTableViewController.m; sourceTree = "<group>"; };
/* End PBXFileReference section */

/* Begin PBXFrameworksBuildPhase section */
		1812531018FA1112008303E8 /* Frameworks */ = {
			isa = PBXFrameworksBuildPhase;
			buildActionMask = 2147483647;
			files = (
				1812531918FA1112008303E8 /* CoreGraphics.framework in Frameworks */,
				1812531B18FA1112008303E8 /* UIKit.framework in Frameworks */,
				1812531718FA1112008303E8 /* Foundation.framework in Frameworks */,
			);
			runOnlyForDeploymentPostprocessing = 0;
		};
		1812533118FA1112008303E8 /* Frameworks */ = {
			isa = PBXFrameworksBuildPhase;
			buildActionMask = 2147483647;
			files = (
				1812533618FA1112008303E8 /* XCTest.framework in Frameworks */,
				1812533818FA1112008303E8 /* UIKit.framework in Frameworks */,
				1812533718FA1112008303E8 /* Foundation.framework in Frameworks */,
			);
			runOnlyForDeploymentPostprocessing = 0;
		};
/* End PBXFrameworksBuildPhase section */

/* Begin PBXGroup section */
		1812530A18FA1112008303E8 = {
			isa = PBXGroup;
			children = (
				1812531C18FA1112008303E8 /* PulseWorx */,
				1812533B18FA1112008303E8 /* PulseWorxTests */,
				1812531518FA1112008303E8 /* Frameworks */,
				1812531418FA1112008303E8 /* Products */,
			);
			sourceTree = "<group>";
		};
		1812531418FA1112008303E8 /* Products */ = {
			isa = PBXGroup;
			children = (
				1812531318FA1112008303E8 /* PulseWorx.app */,
				1812533418FA1112008303E8 /* PulseWorxTests.xctest */,
			);
			name = Products;
			sourceTree = "<group>";
		};
		1812531518FA1112008303E8 /* Frameworks */ = {
			isa = PBXGroup;
			children = (
				1812531618FA1112008303E8 /* Foundation.framework */,
				1812531818FA1112008303E8 /* CoreGraphics.framework */,
				1812531A18FA1112008303E8 /* UIKit.framework */,
				1812533518FA1112008303E8 /* XCTest.framework */,
			);
			name = Frameworks;
			sourceTree = "<group>";
		};
		1812531C18FA1112008303E8 /* PulseWorx */ = {
			isa = PBXGroup;
			children = (
				1812536018FAEF0D008303E8 /* UpeImport */,
				1812532518FA1112008303E8 /* AppDelegate.h */,
				1812532618FA1112008303E8 /* AppDelegate.m */,
				1812532818FA1112008303E8 /* Main.storyboard */,
				1812532B18FA1112008303E8 /* ViewController.h */,
				1812532C18FA1112008303E8 /* ViewController.m */,
				1812532E18FA1112008303E8 /* Images.xcassets */,
				1812531D18FA1112008303E8 /* Supporting Files */,
			);
			path = PulseWorx;
			sourceTree = "<group>";
		};
		1812531D18FA1112008303E8 /* Supporting Files */ = {
			isa = PBXGroup;
			children = (
				1812531E18FA1112008303E8 /* PulseWorx-Info.plist */,
				1812531F18FA1112008303E8 /* InfoPlist.strings */,
				1812532218FA1112008303E8 /* main.m */,
				1812532418FA1112008303E8 /* PulseWorx-Prefix.pch */,
			);
			name = "Supporting Files";
			sourceTree = "<group>";
		};
		1812533B18FA1112008303E8 /* PulseWorxTests */ = {
			isa = PBXGroup;
			children = (
				1812534118FA1112008303E8 /* PulseWorxTests.m */,
				1812533C18FA1112008303E8 /* Supporting Files */,
			);
			path = PulseWorxTests;
			sourceTree = "<group>";
		};
		1812533C18FA1112008303E8 /* Supporting Files */ = {
			isa = PBXGroup;
			children = (
				1812533D18FA1112008303E8 /* PulseWorxTests-Info.plist */,
				1812533E18FA1112008303E8 /* InfoPlist.strings */,
			);
			name = "Supporting Files";
			sourceTree = "<group>";
		};
		1812536018FAEF0D008303E8 /* UpeImport */ = {
			isa = PBXGroup;
			children = (
				1812537218FAF137008303E8 /* Entities */,
				1812536318FAEF0D008303E8 /* ImportUpeString.h */,
				1812536418FAEF0D008303E8 /* ImportUpeString.m */,
				1812536518FAEF0D008303E8 /* PulseWorxEntity.h */,
				1812536618FAEF0D008303E8 /* PulseWorxEntity.m */,
				1812536718FAEF0D008303E8 /* PulseWorxSystem.h */,
				1812536818FAEF0D008303E8 /* PulseWorxSystem.m */,
				1812536918FAEF0D008303E8 /* UpeTableViewController.h */,
				1812536A18FAEF0D008303E8 /* UpeTableViewController.m */,
			);
			path = UpeImport;
			sourceTree = "<group>";
		};
		1812537218FAF137008303E8 /* Entities */ = {
			isa = PBXGroup;
			children = (
				1812536118FAEF0D008303E8 /* FileRecordElement.h */,
				1812536218FAEF0D008303E8 /* FileRecordElement.m */,
			);
			path = Entities;
			sourceTree = "<group>";
		};
/* End PBXGroup section */

/* Begin PBXNativeTarget section */
		1812531218FA1112008303E8 /* PulseWorx */ = {
			isa = PBXNativeTarget;
			buildConfigurationList = 1812534518FA1112008303E8 /* Build configuration list for PBXNativeTarget "PulseWorx" */;
			buildPhases = (
				1812530F18FA1112008303E8 /* Sources */,
				1812531018FA1112008303E8 /* Frameworks */,
				1812531118FA1112008303E8 /* Resources */,
			);
			buildRules = (
			);
			dependencies = (
			);
			name = PulseWorx;
			productName = PulseWorx;
			productReference = 1812531318FA1112008303E8 /* PulseWorx.app */;
			productType = "com.apple.product-type.application";
		};
		1812533318FA1112008303E8 /* PulseWorxTests */ = {
			isa = PBXNativeTarget;
			buildConfigurationList = 1812534818FA1112008303E8 /* Build configuration list for PBXNativeTarget "PulseWorxTests" */;
			buildPhases = (
				1812533018FA1112008303E8 /* Sources */,
				1812533118FA1112008303E8 /* Frameworks */,
				1812533218FA1112008303E8 /* Resources */,
			);
			buildRules = (
			);
			dependencies = (
				1812533A18FA1112008303E8 /* PBXTargetDependency */,
			);
			name = PulseWorxTests;
			productName = PulseWorxTests;
			productReference = 1812533418FA1112008303E8 /* PulseWorxTests.xctest */;
			productType = "com.apple.product-type.bundle.unit-test";
		};
/* End PBXNativeTarget section */

/* Begin PBXProject section */
		1812530B18FA1112008303E8 /* Project object */ = {
			isa = PBXProject;
			attributes = {
				LastUpgradeCheck = 0510;
				ORGANIZATIONNAME = "Brett Vitaz";
				TargetAttributes = {
					1812533318FA1112008303E8 = {
						TestTargetID = 1812531218FA1112008303E8;
					};
				};
			};
			buildConfigurationList = 1812530E18FA1112008303E8 /* Build configuration list for PBXProject "PulseWorx" */;
			compatibilityVersion = "Xcode 3.2";
			developmentRegion = English;
			hasScannedForEncodings = 0;
			knownRegions = (
				en,
				Base,
			);
			mainGroup = 1812530A18FA1112008303E8;
			productRefGroup = 1812531418FA1112008303E8 /* Products */;
			projectDirPath = "";
			projectRoot = "";
			targets = (
				1812531218FA1112008303E8 /* PulseWorx */,
				1812533318FA1112008303E8 /* PulseWorxTests */,
			);
		};
/* End PBXProject section */

/* Begin PBXResourcesBuildPhase section */
		1812531118FA1112008303E8 /* Resources */ = {
			isa = PBXResourcesBuildPhase;
			buildActionMask = 2147483647;
			files = (
				1812532F18FA1112008303E8 /* Images.xcassets in Resources */,
				1812532118FA1112008303E8 /* InfoPlist.strings in Resources */,
				1812532A18FA1112008303E8 /* Main.storyboard in Resources */,
			);
			runOnlyForDeploymentPostprocessing = 0;
		};
		1812533218FA1112008303E8 /* Resources */ = {
			isa = PBXResourcesBuildPhase;
			buildActionMask = 2147483647;
			files = (
				1812534018FA1112008303E8 /* InfoPlist.strings in Resources */,
			);
			runOnlyForDeploymentPostprocessing = 0;
		};
/* End PBXResourcesBuildPhase section */

/* Begin PBXSourcesBuildPhase section */
		1812530F18FA1112008303E8 /* Sources */ = {
			isa = PBXSourcesBuildPhase;
			buildActionMask = 2147483647;
			files = (
				1812536E18FAEF0D008303E8 /* PulseWorxSystem.m in Sources */,
				1812536D18FAEF0D008303E8 /* PulseWorxEntity.m in Sources */,
				1812532D18FA1112008303E8 /* ViewController.m in Sources */,
				1812532718FA1112008303E8 /* AppDelegate.m in Sources */,
				1812536F18FAEF0D008303E8 /* UpeTableViewController.m in Sources */,
				1812532318FA1112008303E8 /* main.m in Sources */,
				1812536B18FAEF0D008303E8 /* FileRecordElement.m in Sources */,
				1812536C18FAEF0D008303E8 /* ImportUpeString.m in Sources */,
			);
			runOnlyForDeploymentPostprocessing = 0;
		};
		1812533018FA1112008303E8 /* Sources */ = {
			isa = PBXSourcesBuildPhase;
			buildActionMask = 2147483647;
			files = (
				1812534218FA1112008303E8 /* PulseWorxTests.m in Sources */,
			);
			runOnlyForDeploymentPostprocessing = 0;
		};
/* End PBXSourcesBuildPhase section */

/* Begin PBXTargetDependency section */
		1812533A18FA1112008303E8 /* PBXTargetDependency */ = {
			isa = PBXTargetDependency;
			target = 1812531218FA1112008303E8 /* PulseWorx */;
			targetProxy = 1812533918FA1112008303E8 /* PBXContainerItemProxy */;
		};
/* End PBXTargetDependency section */

/* Begin PBXVariantGroup section */
		1812531F18FA1112008303E8 /* InfoPlist.strings */ = {
			isa = PBXVariantGroup;
			children = (
				1812532018FA1112008303E8 /* en */,
			);
			name = InfoPlist.strings;
			sourceTree = "<group>";
		};
		1812532818FA1112008303E8 /* Main.storyboard */ = {
			isa = PBXVariantGroup;
			children = (
				1812532918FA1112008303E8 /* Base */,
			);
			name = Main.storyboard;
			sourceTree = "<group>";
		};
		1812533E18FA1112008303E8 /* InfoPlist.strings */ = {
			isa = PBXVariantGroup;
			children = (
				1812533F18FA1112008303E8 /* en */,
			);
			name = InfoPlist.strings;
			sourceTree = "<group>";
		};
/* End PBXVariantGroup section */

/* Begin XCBuildConfiguration section */
		1812534318FA1112008303E8 /* Debug */ = {
			isa = XCBuildConfiguration;
			buildSettings = {
				ALWAYS_SEARCH_USER_PATHS = NO;
				CLANG_CXX_LANGUAGE_STANDARD = "gnu++0x";
				CLANG_CXX_LIBRARY = "libc++";
				CLANG_ENABLE_MODULES = YES;
				CLANG_ENABLE_OBJC_ARC = YES;
				CLANG_WARN_BOOL_CONVERSION = YES;
				CLANG_WARN_CONSTANT_CONVERSION = YES;
				CLANG_WARN_DIRECT_OBJC_ISA_USAGE = YES_ERROR;
				CLANG_WARN_EMPTY_BODY = YES;
				CLANG_WARN_ENUM_CONVERSION = YES;
				CLANG_WARN_INT_CONVERSION = YES;
				CLANG_WARN_OBJC_ROOT_CLASS = YES_ERROR;
				CLANG_WARN__DUPLICATE_METHOD_MATCH = YES;
				"CODE_SIGN_IDENTITY[sdk=iphoneos*]" = "iPhone Developer";
				COPY_PHASE_STRIP = NO;
				GCC_C_LANGUAGE_STANDARD = gnu99;
				GCC_DYNAMIC_NO_PIC = NO;
				GCC_OPTIMIZATION_LEVEL = 0;
				GCC_PREPROCESSOR_DEFINITIONS = (
					"DEBUG=1",
					"$(inherited)",
				);
				GCC_SYMBOLS_PRIVATE_EXTERN = NO;
				GCC_WARN_64_TO_32_BIT_CONVERSION = YES;
				GCC_WARN_ABOUT_RETURN_TYPE = YES_ERROR;
				GCC_WARN_UNDECLARED_SELECTOR = YES;
				GCC_WARN_UNINITIALIZED_AUTOS = YES_AGGRESSIVE;
				GCC_WARN_UNUSED_FUNCTION = YES;
				GCC_WARN_UNUSED_VARIABLE = YES;
				IPHONEOS_DEPLOYMENT_TARGET = 7.1;
				ONLY_ACTIVE_ARCH = YES;
				SDKROOT = iphoneos;
			};
			name = Debug;
		};
		1812534418FA1112008303E8 /* Release */ = {
			isa = XCBuildConfiguration;
			buildSettings = {
				ALWAYS_SEARCH_USER_PATHS = NO;
				CLANG_CXX_LANGUAGE_STANDARD = "gnu++0x";
				CLANG_CXX_LIBRARY = "libc++";
				CLANG_ENABLE_MODULES = YES;
				CLANG_ENABLE_OBJC_ARC = YES;
				CLANG_WARN_BOOL_CONVERSION = YES;
				CLANG_WARN_CONSTANT_CONVERSION = YES;
				CLANG_WARN_DIRECT_OBJC_ISA_USAGE = YES_ERROR;
				CLANG_WARN_EMPTY_BODY = YES;
				CLANG_WARN_ENUM_CONVERSION = YES;
				CLANG_WARN_INT_CONVERSION = YES;
				CLANG_WARN_OBJC_ROOT_CLASS = YES_ERROR;
				CLANG_WARN__DUPLICATE_METHOD_MATCH = YES;
				"CODE_SIGN_IDENTITY[sdk=iphoneos*]" = "iPhone Developer";
				COPY_PHASE_STRIP = YES;
				ENABLE_NS_ASSERTIONS = NO;
				GCC_C_LANGUAGE_STANDARD = gnu99;
				GCC_WARN_64_TO_32_BIT_CONVERSION = YES;
				GCC_WARN_ABOUT_RETURN_TYPE = YES_ERROR;
				GCC_WARN_UNDECLARED_SELECTOR = YES;
				GCC_WARN_UNINITIALIZED_AUTOS = YES_AGGRESSIVE;
				GCC_WARN_UNUSED_FUNCTION = YES;
				GCC_WARN_UNUSED_VARIABLE = YES;
				IPHONEOS_DEPLOYMENT_TARGET = 7.1;
				SDKROOT = iphoneos;
				VALIDATE_PRODUCT = YES;
			};
			name = Release;
		};
		1812534618FA1112008303E8 /* Debug */ = {
			isa = XCBuildConfiguration;
			buildSettings = {
				ASSETCATALOG_COMPILER_APPICON_NAME = AppIcon;
				ASSETCATALOG_COMPILER_LAUNCHIMAGE_NAME = LaunchImage;
				GCC_PRECOMPILE_PREFIX_HEADER = YES;
				GCC_PREFIX_HEADER = "PulseWorx/PulseWorx-Prefix.pch";
				INFOPLIST_FILE = "PulseWorx/PulseWorx-Info.plist";
				PRODUCT_NAME = "$(TARGET_NAME)";
				WRAPPER_EXTENSION = app;
			};
			name = Debug;
		};
		1812534718FA1112008303E8 /* Release */ = {
			isa = XCBuildConfiguration;
			buildSettings = {
				ASSETCATALOG_COMPILER_APPICON_NAME = AppIcon;
				ASSETCATALOG_COMPILER_LAUNCHIMAGE_NAME = LaunchImage;
				GCC_PRECOMPILE_PREFIX_HEADER = YES;
				GCC_PREFIX_HEADER = "PulseWorx/PulseWorx-Prefix.pch";
				INFOPLIST_FILE = "PulseWorx/PulseWorx-Info.plist";
				PRODUCT_NAME = "$(TARGET_NAME)";
				WRAPPER_EXTENSION = app;
			};
			name = Release;
		};
		1812534918FA1112008303E8 /* Debug */ = {
			isa = XCBuildConfiguration;
			buildSettings = {
				BUNDLE_LOADER = "$(BUILT_PRODUCTS_DIR)/PulseWorx.app/PulseWorx";
				FRAMEWORK_SEARCH_PATHS = (
					"$(SDKROOT)/Developer/Library/Frameworks",
					"$(inherited)",
					"$(DEVELOPER_FRAMEWORKS_DIR)",
				);
				GCC_PRECOMPILE_PREFIX_HEADER = YES;
				GCC_PREFIX_HEADER = "PulseWorx/PulseWorx-Prefix.pch";
				GCC_PREPROCESSOR_DEFINITIONS = (
					"DEBUG=1",
					"$(inherited)",
				);
				INFOPLIST_FILE = "PulseWorxTests/PulseWorxTests-Info.plist";
				PRODUCT_NAME = "$(TARGET_NAME)";
				TEST_HOST = "$(BUNDLE_LOADER)";
				WRAPPER_EXTENSION = xctest;
			};
			name = Debug;
		};
		1812534A18FA1112008303E8 /* Release */ = {
			isa = XCBuildConfiguration;
			buildSettings = {
				BUNDLE_LOADER = "$(BUILT_PRODUCTS_DIR)/PulseWorx.app/PulseWorx";
				FRAMEWORK_SEARCH_PATHS = (
					"$(SDKROOT)/Developer/Library/Frameworks",
					"$(inherited)",
					"$(DEVELOPER_FRAMEWORKS_DIR)",
				);
				GCC_PRECOMPILE_PREFIX_HEADER = YES;
				GCC_PREFIX_HEADER = "PulseWorx/PulseWorx-Prefix.pch";
				INFOPLIST_FILE = "PulseWorxTests/PulseWorxTests-Info.plist";
				PRODUCT_NAME = "$(TARGET_NAME)";
				TEST_HOST = "$(BUNDLE_LOADER)";
				WRAPPER_EXTENSION = xctest;
			};
			name = Release;
		};
/* End XCBuildConfiguration section */

/* Begin XCConfigurationList section */
		1812530E18FA1112008303E8 /* Build configuration list for PBXProject "PulseWorx" */ = {
			isa = XCConfigurationList;
			buildConfigurations = (
				1812534318FA1112008303E8 /* Debug */,
				1812534418FA1112008303E8 /* Release */,
			);
			defaultConfigurationIsVisible = 0;
			defaultConfigurationName = Release;
		};
		1812534518FA1112008303E8 /* Build configuration list for PBXNativeTarget "PulseWorx" */ = {
			isa = XCConfigurationList;
			buildConfigurations = (
				1812534618FA1112008303E8 /* Debug */,
				1812534718FA1112008303E8 /* Release */,
			);
			defaultConfigurationIsVisible = 0;
		};
		1812534818FA1112008303E8 /* Build configuration list for PBXNativeTarget "PulseWorxTests" */ = {
			isa = XCConfigurationList;
			buildConfigurations = (
				1812534918FA1112008303E8 /* Debug */,
				1812534A18FA1112008303E8 /* Release */,
			);
			defaultConfigurationIsVisible = 0;
		};
/* End XCConfigurationList section */
	};
	rootObject = 1812530B18FA1112008303E8 /* Project object */;
}
