// !$*UTF8*$!
{
	archiveVersion = 1;
	classes = {
	};
	objectVersion = 46;
	objects = {

/* Begin PBXBuildFile section */
		180AC53D191F04C200DF075A /* PulseWorxTableViewCell.xib in Resources */ = {isa = PBXBuildFile; fileRef = 180AC53C191F04C200DF075A /* PulseWorxTableViewCell.xib */; };
		180AC540191F05A500DF075A /* PulseWorxTableViewCell.m in Sources */ = {isa = PBXBuildFile; fileRef = 180AC53F191F05A500DF075A /* PulseWorxTableViewCell.m */; };
		180AC546191F2BE200DF075A /* ChannelTableViewController.m in Sources */ = {isa = PBXBuildFile; fileRef = 180AC545191F2BE200DF075A /* ChannelTableViewController.m */; };
		180AC549191F2DD200DF075A /* DimmerTableViewController.m in Sources */ = {isa = PBXBuildFile; fileRef = 180AC548191F2DD200DF075A /* DimmerTableViewController.m */; };
		180AC54C191F323500DF075A /* FadeStartCommand.m in Sources */ = {isa = PBXBuildFile; fileRef = 180AC54B191F323500DF075A /* FadeStartCommand.m */; };
		180AC555191F428B00DF075A /* DimmerViewController.m in Sources */ = {isa = PBXBuildFile; fileRef = 180AC554191F428B00DF075A /* DimmerViewController.m */; };
		180AC558191F48BB00DF075A /* FadeStopCommand.m in Sources */ = {isa = PBXBuildFile; fileRef = 180AC557191F48BB00DF075A /* FadeStopCommand.m */; };
		180AC5A81921940700DF075A /* RampControl.m in Sources */ = {isa = PBXBuildFile; fileRef = 180AC5A71921940700DF075A /* RampControl.m */; };
		180AC5AC19256B9000DF075A /* DeactivateLinkCommand.m in Sources */ = {isa = PBXBuildFile; fileRef = 180AC5AB19256B9000DF075A /* DeactivateLinkCommand.m */; };
		1812531718FA1112008303E8 /* Foundation.framework in Frameworks */ = {isa = PBXBuildFile; fileRef = 1812531618FA1112008303E8 /* Foundation.framework */; };
		1812531918FA1112008303E8 /* CoreGraphics.framework in Frameworks */ = {isa = PBXBuildFile; fileRef = 1812531818FA1112008303E8 /* CoreGraphics.framework */; };
		1812531B18FA1112008303E8 /* UIKit.framework in Frameworks */ = {isa = PBXBuildFile; fileRef = 1812531A18FA1112008303E8 /* UIKit.framework */; };
		1812532118FA1112008303E8 /* InfoPlist.strings in Resources */ = {isa = PBXBuildFile; fileRef = 1812531F18FA1112008303E8 /* InfoPlist.strings */; };
		1812532318FA1112008303E8 /* main.m in Sources */ = {isa = PBXBuildFile; fileRef = 1812532218FA1112008303E8 /* main.m */; };
		1812532718FA1112008303E8 /* AppDelegate.m in Sources */ = {isa = PBXBuildFile; fileRef = 1812532618FA1112008303E8 /* AppDelegate.m */; };
		1812532A18FA1112008303E8 /* Main.storyboard in Resources */ = {isa = PBXBuildFile; fileRef = 1812532818FA1112008303E8 /* Main.storyboard */; };
		1812532D18FA1112008303E8 /* ViewController.m in Sources */ = {isa = PBXBuildFile; fileRef = 1812532C18FA1112008303E8 /* ViewController.m */; };
		1812532F18FA1112008303E8 /* Images.xcassets in Resources */ = {isa = PBXBuildFile; fileRef = 1812532E18FA1112008303E8 /* Images.xcassets */; };
		1812533618FA1112008303E8 /* XCTest.framework in Frameworks */ = {isa = PBXBuildFile; fileRef = 1812533518FA1112008303E8 /* XCTest.framework */; };
		1812533718FA1112008303E8 /* Foundation.framework in Frameworks */ = {isa = PBXBuildFile; fileRef = 1812531618FA1112008303E8 /* Foundation.framework */; };
		1812533818FA1112008303E8 /* UIKit.framework in Frameworks */ = {isa = PBXBuildFile; fileRef = 1812531A18FA1112008303E8 /* UIKit.framework */; };
		1812534018FA1112008303E8 /* InfoPlist.strings in Resources */ = {isa = PBXBuildFile; fileRef = 1812533E18FA1112008303E8 /* InfoPlist.strings */; };
		1812534218FA1112008303E8 /* PulseWorxTests.m in Sources */ = {isa = PBXBuildFile; fileRef = 1812534118FA1112008303E8 /* PulseWorxTests.m */; };
		1812537818FAF30A008303E8 /* PulseWorxEntity.m in Sources */ = {isa = PBXBuildFile; fileRef = 1812537518FAF30A008303E8 /* PulseWorxEntity.m */; };
		1812537918FAF30A008303E8 /* PulseWorxSystem.m in Sources */ = {isa = PBXBuildFile; fileRef = 1812537718FAF30A008303E8 /* PulseWorxSystem.m */; };
		1812537C18FAF315008303E8 /* RoomTableViewController.m in Sources */ = {isa = PBXBuildFile; fileRef = 1812537B18FAF315008303E8 /* RoomTableViewController.m */; };
		1812537F18FAF31D008303E8 /* ImportUpe.m in Sources */ = {isa = PBXBuildFile; fileRef = 1812537E18FAF31D008303E8 /* ImportUpe.m */; };
		1812538218FAF327008303E8 /* FileRecordEntity.m in Sources */ = {isa = PBXBuildFile; fileRef = 1812538118FAF327008303E8 /* FileRecordEntity.m */; };
		1812538618FB186D008303E8 /* Redmond.upe in Resources */ = {isa = PBXBuildFile; fileRef = 1812538518FB186D008303E8 /* Redmond.upe */; };
		1812538A18FCE98B008303E8 /* PulseWorxSystemParser.m in Sources */ = {isa = PBXBuildFile; fileRef = 1812538918FCE98B008303E8 /* PulseWorxSystemParser.m */; };
		1812538D18FCEBB6008303E8 /* FileRecordParser.m in Sources */ = {isa = PBXBuildFile; fileRef = 1812538C18FCEBB6008303E8 /* FileRecordParser.m */; };
		1812539018FF50AF008303E8 /* LinkEntity.m in Sources */ = {isa = PBXBuildFile; fileRef = 1812538F18FF50AF008303E8 /* LinkEntity.m */; };
		1812539318FF5166008303E8 /* LinkParser.m in Sources */ = {isa = PBXBuildFile; fileRef = 1812539218FF5166008303E8 /* LinkParser.m */; };
		1812539918FF8D19008303E8 /* ModuleEntity.m in Sources */ = {isa = PBXBuildFile; fileRef = 1812539818FF8D19008303E8 /* ModuleEntity.m */; };
		1812539C18FF8D51008303E8 /* ModuleParser.m in Sources */ = {isa = PBXBuildFile; fileRef = 1812539B18FF8D51008303E8 /* ModuleParser.m */; };
		181253A01904B92A008303E8 /* Redmond2.upe in Resources */ = {isa = PBXBuildFile; fileRef = 1812539F1904B92A008303E8 /* Redmond2.upe */; };
		181253A31904BD73008303E8 /* ChannelInfoEntity.m in Sources */ = {isa = PBXBuildFile; fileRef = 181253A21904BD73008303E8 /* ChannelInfoEntity.m */; };
		181253A61904C977008303E8 /* ChannelInfoParser.m in Sources */ = {isa = PBXBuildFile; fileRef = 181253A51904C977008303E8 /* ChannelInfoParser.m */; };
		181253A91904CF6C008303E8 /* PresetEntity.m in Sources */ = {isa = PBXBuildFile; fileRef = 181253A81904CF6C008303E8 /* PresetEntity.m */; };
		181253AC1904D02D008303E8 /* PresetParser.m in Sources */ = {isa = PBXBuildFile; fileRef = 181253AB1904D02D008303E8 /* PresetParser.m */; };
		181A35D91A133407003A5776 /* DiscreteControlTableViewCell.xib in Resources */ = {isa = PBXBuildFile; fileRef = 181A35D81A133407003A5776 /* DiscreteControlTableViewCell.xib */; };
		181A35DD1A133507003A5776 /* DiscreteControlTableViewCell.m in Sources */ = {isa = PBXBuildFile; fileRef = 181A35DC1A133507003A5776 /* DiscreteControlTableViewCell.m */; };
		1824FCC3190C708900BAAC22 /* RockerEntity.m in Sources */ = {isa = PBXBuildFile; fileRef = 1824FCC2190C708900BAAC22 /* RockerEntity.m */; };
		1824FCC6190C71A600BAAC22 /* ButtonEntity.m in Sources */ = {isa = PBXBuildFile; fileRef = 1824FCC5190C71A600BAAC22 /* ButtonEntity.m */; };
		1824FCC9190C727300BAAC22 /* InputEntity.m in Sources */ = {isa = PBXBuildFile; fileRef = 1824FCC8190C727300BAAC22 /* InputEntity.m */; };
		1824FCCC190C72D300BAAC22 /* VhcEntity.m in Sources */ = {isa = PBXBuildFile; fileRef = 1824FCCB190C72D300BAAC22 /* VhcEntity.m */; };
		1824FCCF190C731700BAAC22 /* KeypadEntity.m in Sources */ = {isa = PBXBuildFile; fileRef = 1824FCCE190C731700BAAC22 /* KeypadEntity.m */; };
		1824FCD2190C73E100BAAC22 /* ThermostatEntity.m in Sources */ = {isa = PBXBuildFile; fileRef = 1824FCD1190C73E100BAAC22 /* ThermostatEntity.m */; };
		1824FCD5190C744800BAAC22 /* XpwEntity.m in Sources */ = {isa = PBXBuildFile; fileRef = 1824FCD4190C744800BAAC22 /* XpwEntity.m */; };
		1824FCD8190C748B00BAAC22 /* RfiEntity.m in Sources */ = {isa = PBXBuildFile; fileRef = 1824FCD7190C748B00BAAC22 /* RfiEntity.m */; };
		1824FCDB190C8ECA00BAAC22 /* RockerParser.m in Sources */ = {isa = PBXBuildFile; fileRef = 1824FCDA190C8ECA00BAAC22 /* RockerParser.m */; };
		1824FCE0190C916B00BAAC22 /* ButtonParser.m in Sources */ = {isa = PBXBuildFile; fileRef = 1824FCDF190C916B00BAAC22 /* ButtonParser.m */; };
		1824FCE3190CAAA000BAAC22 /* InputParser.m in Sources */ = {isa = PBXBuildFile; fileRef = 1824FCE2190CAAA000BAAC22 /* InputParser.m */; };
		1824FCE6190CAC0000BAAC22 /* VhcParser.m in Sources */ = {isa = PBXBuildFile; fileRef = 1824FCE5190CAC0000BAAC22 /* VhcParser.m */; };
		1824FCE9190CACB200BAAC22 /* KeypadParser.m in Sources */ = {isa = PBXBuildFile; fileRef = 1824FCE8190CACB200BAAC22 /* KeypadParser.m */; };
		1824FCEC190CAD9500BAAC22 /* ThermostatParser.m in Sources */ = {isa = PBXBuildFile; fileRef = 1824FCEB190CAD9500BAAC22 /* ThermostatParser.m */; };
		1824FCEF190CAEF500BAAC22 /* XpwParser.m in Sources */ = {isa = PBXBuildFile; fileRef = 1824FCEE190CAEF500BAAC22 /* XpwParser.m */; };
		1824FCF2190CAFCD00BAAC22 /* RfiParser.m in Sources */ = {isa = PBXBuildFile; fileRef = 1824FCF1190CAFCD00BAAC22 /* RfiParser.m */; };
		1824FCFB190D744100BAAC22 /* DevicesTableViewController.m in Sources */ = {isa = PBXBuildFile; fileRef = 1824FCFA190D744100BAAC22 /* DevicesTableViewController.m */; };
		1824FCFE190D85B300BAAC22 /* KeypadTableViewController.m in Sources */ = {isa = PBXBuildFile; fileRef = 1824FCFD190D85B300BAAC22 /* KeypadTableViewController.m */; };
		1824FD01190D89C300BAAC22 /* LinkEntitySet.m in Sources */ = {isa = PBXBuildFile; fileRef = 1824FD00190D89C300BAAC22 /* LinkEntitySet.m */; };
		1824FD04190D8A2D00BAAC22 /* PulseWorxEntitySet.m in Sources */ = {isa = PBXBuildFile; fileRef = 1824FD03190D8A2D00BAAC22 /* PulseWorxEntitySet.m */; };
		1824FD0D190F23FC00BAAC22 /* PulseWorxController.m in Sources */ = {isa = PBXBuildFile; fileRef = 1824FD0C190F23FC00BAAC22 /* PulseWorxController.m */; };
		1824FD111910A0B400BAAC22 /* GCDAsyncSocket.m in Sources */ = {isa = PBXBuildFile; fileRef = 1824FD101910A0B400BAAC22 /* GCDAsyncSocket.m */; };
		1824FD141912012900BAAC22 /* PulseWorxTransmitCommand.m in Sources */ = {isa = PBXBuildFile; fileRef = 1824FD131912012900BAAC22 /* PulseWorxTransmitCommand.m */; };
		1896030F193D6E2F006E2596 /* AddServerTableViewController.m in Sources */ = {isa = PBXBuildFile; fileRef = 1896030E193D6E2F006E2596 /* AddServerTableViewController.m */; };
		18960312193D7655006E2596 /* InputTableViewCell.m in Sources */ = {isa = PBXBuildFile; fileRef = 18960311193D7655006E2596 /* InputTableViewCell.m */; };
		18960315193D7663006E2596 /* SwitchTableViewCell.m in Sources */ = {isa = PBXBuildFile; fileRef = 18960314193D7663006E2596 /* SwitchTableViewCell.m */; };
		18B9D8DB19326F87008948FE /* AllLinksTableViewController.m in Sources */ = {isa = PBXBuildFile; fileRef = 18B9D8DA19326F87008948FE /* AllLinksTableViewController.m */; };
		18C12114191343D500257692 /* ActivateLinkCommand.m in Sources */ = {isa = PBXBuildFile; fileRef = 18C12113191343D500257692 /* ActivateLinkCommand.m */; };
		18E3EFC01A133027009B29BC /* SFHFKeychainUtils.m in Sources */ = {isa = PBXBuildFile; fileRef = 18E3EFBF1A133027009B29BC /* SFHFKeychainUtils.m */; };
		A9EAF32119370F710070A269 /* RampControlScrollView.m in Sources */ = {isa = PBXBuildFile; fileRef = A9EAF32019370F710070A269 /* RampControlScrollView.m */; };
/* End PBXBuildFile section */

/* Begin PBXContainerItemProxy section */
		1812533918FA1112008303E8 /* PBXContainerItemProxy */ = {
			isa = PBXContainerItemProxy;
			containerPortal = 1812530B18FA1112008303E8 /* Project object */;
			proxyType = 1;
			remoteGlobalIDString = 1812531218FA1112008303E8;
			remoteInfo = PulseWorx;
		};
/* End PBXContainerItemProxy section */

/* Begin PBXFileReference section */
		180AC53B191EFE7B00DF075A /* NSData+Conversion.h */ = {isa = PBXFileReference; lastKnownFileType = sourcecode.c.h; path = "NSData+Conversion.h"; sourceTree = "<group>"; };
		180AC53C191F04C200DF075A /* PulseWorxTableViewCell.xib */ = {isa = PBXFileReference; fileEncoding = 4; lastKnownFileType = file.xib; path = PulseWorxTableViewCell.xib; sourceTree = "<group>"; };
		180AC53E191F05A500DF075A /* PulseWorxTableViewCell.h */ = {isa = PBXFileReference; fileEncoding = 4; lastKnownFileType = sourcecode.c.h; path = PulseWorxTableViewCell.h; sourceTree = "<group>"; };
		180AC53F191F05A500DF075A /* PulseWorxTableViewCell.m */ = {isa = PBXFileReference; fileEncoding = 4; lastKnownFileType = sourcecode.c.objc; path = PulseWorxTableViewCell.m; sourceTree = "<group>"; };
		180AC544191F2BE200DF075A /* ChannelTableViewController.h */ = {isa = PBXFileReference; fileEncoding = 4; lastKnownFileType = sourcecode.c.h; path = ChannelTableViewController.h; sourceTree = "<group>"; };
		180AC545191F2BE200DF075A /* ChannelTableViewController.m */ = {isa = PBXFileReference; fileEncoding = 4; lastKnownFileType = sourcecode.c.objc; path = ChannelTableViewController.m; sourceTree = "<group>"; };
		180AC547191F2DD200DF075A /* DimmerTableViewController.h */ = {isa = PBXFileReference; fileEncoding = 4; lastKnownFileType = sourcecode.c.h; path = DimmerTableViewController.h; sourceTree = "<group>"; };
		180AC548191F2DD200DF075A /* DimmerTableViewController.m */ = {isa = PBXFileReference; fileEncoding = 4; lastKnownFileType = sourcecode.c.objc; path = DimmerTableViewController.m; sourceTree = "<group>"; };
		180AC54A191F323500DF075A /* FadeStartCommand.h */ = {isa = PBXFileReference; fileEncoding = 4; lastKnownFileType = sourcecode.c.h; path = FadeStartCommand.h; sourceTree = "<group>"; };
		180AC54B191F323500DF075A /* FadeStartCommand.m */ = {isa = PBXFileReference; fileEncoding = 4; lastKnownFileType = sourcecode.c.objc; path = FadeStartCommand.m; sourceTree = "<group>"; };
		180AC553191F428B00DF075A /* DimmerViewController.h */ = {isa = PBXFileReference; fileEncoding = 4; lastKnownFileType = sourcecode.c.h; path = DimmerViewController.h; sourceTree = "<group>"; };
		180AC554191F428B00DF075A /* DimmerViewController.m */ = {isa = PBXFileReference; fileEncoding = 4; lastKnownFileType = sourcecode.c.objc; path = DimmerViewController.m; sourceTree = "<group>"; };
		180AC556191F48BB00DF075A /* FadeStopCommand.h */ = {isa = PBXFileReference; fileEncoding = 4; lastKnownFileType = sourcecode.c.h; path = FadeStopCommand.h; sourceTree = "<group>"; };
		180AC557191F48BB00DF075A /* FadeStopCommand.m */ = {isa = PBXFileReference; fileEncoding = 4; lastKnownFileType = sourcecode.c.objc; path = FadeStopCommand.m; sourceTree = "<group>"; };
		180AC5A61921940700DF075A /* RampControl.h */ = {isa = PBXFileReference; fileEncoding = 4; lastKnownFileType = sourcecode.c.h; path = RampControl.h; sourceTree = "<group>"; };
		180AC5A71921940700DF075A /* RampControl.m */ = {isa = PBXFileReference; fileEncoding = 4; lastKnownFileType = sourcecode.c.objc; path = RampControl.m; sourceTree = "<group>"; };
		180AC5AA19256B9000DF075A /* DeactivateLinkCommand.h */ = {isa = PBXFileReference; fileEncoding = 4; lastKnownFileType = sourcecode.c.h; path = DeactivateLinkCommand.h; sourceTree = "<group>"; };
		180AC5AB19256B9000DF075A /* DeactivateLinkCommand.m */ = {isa = PBXFileReference; fileEncoding = 4; lastKnownFileType = sourcecode.c.objc; path = DeactivateLinkCommand.m; sourceTree = "<group>"; };
		1812531318FA1112008303E8 /* PulseWorx.app */ = {isa = PBXFileReference; explicitFileType = wrapper.application; includeInIndex = 0; path = PulseWorx.app; sourceTree = BUILT_PRODUCTS_DIR; };
		1812531618FA1112008303E8 /* Foundation.framework */ = {isa = PBXFileReference; lastKnownFileType = wrapper.framework; name = Foundation.framework; path = System/Library/Frameworks/Foundation.framework; sourceTree = SDKROOT; };
		1812531818FA1112008303E8 /* CoreGraphics.framework */ = {isa = PBXFileReference; lastKnownFileType = wrapper.framework; name = CoreGraphics.framework; path = System/Library/Frameworks/CoreGraphics.framework; sourceTree = SDKROOT; };
		1812531A18FA1112008303E8 /* UIKit.framework */ = {isa = PBXFileReference; lastKnownFileType = wrapper.framework; name = UIKit.framework; path = System/Library/Frameworks/UIKit.framework; sourceTree = SDKROOT; };
		1812531E18FA1112008303E8 /* PulseWorx-Info.plist */ = {isa = PBXFileReference; lastKnownFileType = text.plist.xml; path = "PulseWorx-Info.plist"; sourceTree = "<group>"; };
		1812532018FA1112008303E8 /* en */ = {isa = PBXFileReference; lastKnownFileType = text.plist.strings; name = en; path = en.lproj/InfoPlist.strings; sourceTree = "<group>"; };
		1812532218FA1112008303E8 /* main.m */ = {isa = PBXFileReference; lastKnownFileType = sourcecode.c.objc; path = main.m; sourceTree = "<group>"; };
		1812532418FA1112008303E8 /* PulseWorx-Prefix.pch */ = {isa = PBXFileReference; lastKnownFileType = sourcecode.c.h; path = "PulseWorx-Prefix.pch"; sourceTree = "<group>"; };
		1812532518FA1112008303E8 /* AppDelegate.h */ = {isa = PBXFileReference; lastKnownFileType = sourcecode.c.h; path = AppDelegate.h; sourceTree = "<group>"; };
		1812532618FA1112008303E8 /* AppDelegate.m */ = {isa = PBXFileReference; lastKnownFileType = sourcecode.c.objc; path = AppDelegate.m; sourceTree = "<group>"; };
		1812532918FA1112008303E8 /* Base */ = {isa = PBXFileReference; lastKnownFileType = file.storyboard; name = Base; path = Base.lproj/Main.storyboard; sourceTree = "<group>"; };
		1812532B18FA1112008303E8 /* ViewController.h */ = {isa = PBXFileReference; lastKnownFileType = sourcecode.c.h; path = ViewController.h; sourceTree = "<group>"; };
		1812532C18FA1112008303E8 /* ViewController.m */ = {isa = PBXFileReference; lastKnownFileType = sourcecode.c.objc; path = ViewController.m; sourceTree = "<group>"; };
		1812532E18FA1112008303E8 /* Images.xcassets */ = {isa = PBXFileReference; lastKnownFileType = folder.assetcatalog; path = Images.xcassets; sourceTree = "<group>"; };
		1812533418FA1112008303E8 /* PulseWorxTests.xctest */ = {isa = PBXFileReference; explicitFileType = wrapper.cfbundle; includeInIndex = 0; path = PulseWorxTests.xctest; sourceTree = BUILT_PRODUCTS_DIR; };
		1812533518FA1112008303E8 /* XCTest.framework */ = {isa = PBXFileReference; lastKnownFileType = wrapper.framework; name = XCTest.framework; path = Library/Frameworks/XCTest.framework; sourceTree = DEVELOPER_DIR; };
		1812533D18FA1112008303E8 /* PulseWorxTests-Info.plist */ = {isa = PBXFileReference; lastKnownFileType = text.plist.xml; path = "PulseWorxTests-Info.plist"; sourceTree = "<group>"; };
		1812533F18FA1112008303E8 /* en */ = {isa = PBXFileReference; lastKnownFileType = text.plist.strings; name = en; path = en.lproj/InfoPlist.strings; sourceTree = "<group>"; };
		1812534118FA1112008303E8 /* PulseWorxTests.m */ = {isa = PBXFileReference; lastKnownFileType = sourcecode.c.objc; path = PulseWorxTests.m; sourceTree = "<group>"; };
		1812537418FAF30A008303E8 /* PulseWorxEntity.h */ = {isa = PBXFileReference; fileEncoding = 4; lastKnownFileType = sourcecode.c.h; path = PulseWorxEntity.h; sourceTree = "<group>"; };
		1812537518FAF30A008303E8 /* PulseWorxEntity.m */ = {isa = PBXFileReference; fileEncoding = 4; lastKnownFileType = sourcecode.c.objc; path = PulseWorxEntity.m; sourceTree = "<group>"; };
		1812537618FAF30A008303E8 /* PulseWorxSystem.h */ = {isa = PBXFileReference; fileEncoding = 4; lastKnownFileType = sourcecode.c.h; path = PulseWorxSystem.h; sourceTree = "<group>"; };
		1812537718FAF30A008303E8 /* PulseWorxSystem.m */ = {isa = PBXFileReference; fileEncoding = 4; lastKnownFileType = sourcecode.c.objc; path = PulseWorxSystem.m; sourceTree = "<group>"; };
		1812537A18FAF315008303E8 /* RoomTableViewController.h */ = {isa = PBXFileReference; fileEncoding = 4; lastKnownFileType = sourcecode.c.h; path = RoomTableViewController.h; sourceTree = "<group>"; };
		1812537B18FAF315008303E8 /* RoomTableViewController.m */ = {isa = PBXFileReference; fileEncoding = 4; lastKnownFileType = sourcecode.c.objc; path = RoomTableViewController.m; sourceTree = "<group>"; };
		1812537D18FAF31D008303E8 /* ImportUpe.h */ = {isa = PBXFileReference; fileEncoding = 4; lastKnownFileType = sourcecode.c.h; path = ImportUpe.h; sourceTree = "<group>"; };
		1812537E18FAF31D008303E8 /* ImportUpe.m */ = {isa = PBXFileReference; fileEncoding = 4; lastKnownFileType = sourcecode.c.objc; path = ImportUpe.m; sourceTree = "<group>"; };
		1812538018FAF327008303E8 /* FileRecordEntity.h */ = {isa = PBXFileReference; fileEncoding = 4; lastKnownFileType = sourcecode.c.h; path = FileRecordEntity.h; sourceTree = "<group>"; };
		1812538118FAF327008303E8 /* FileRecordEntity.m */ = {isa = PBXFileReference; fileEncoding = 4; lastKnownFileType = sourcecode.c.objc; path = FileRecordEntity.m; sourceTree = "<group>"; };
		1812538418FB15E5008303E8 /* NSString+ParsingExtensions.h */ = {isa = PBXFileReference; lastKnownFileType = sourcecode.c.h; path = "NSString+ParsingExtensions.h"; sourceTree = "<group>"; };
		1812538518FB186D008303E8 /* Redmond.upe */ = {isa = PBXFileReference; fileEncoding = 4; lastKnownFileType = text; path = Redmond.upe; sourceTree = "<group>"; };
		1812538818FCE98B008303E8 /* PulseWorxSystemParser.h */ = {isa = PBXFileReference; fileEncoding = 4; lastKnownFileType = sourcecode.c.h; path = PulseWorxSystemParser.h; sourceTree = "<group>"; };
		1812538918FCE98B008303E8 /* PulseWorxSystemParser.m */ = {isa = PBXFileReference; fileEncoding = 4; lastKnownFileType = sourcecode.c.objc; path = PulseWorxSystemParser.m; sourceTree = "<group>"; };
		1812538B18FCEBB6008303E8 /* FileRecordParser.h */ = {isa = PBXFileReference; fileEncoding = 4; lastKnownFileType = sourcecode.c.h; path = FileRecordParser.h; sourceTree = "<group>"; };
		1812538C18FCEBB6008303E8 /* FileRecordParser.m */ = {isa = PBXFileReference; fileEncoding = 4; lastKnownFileType = sourcecode.c.objc; path = FileRecordParser.m; sourceTree = "<group>"; };
		1812538E18FF50AF008303E8 /* LinkEntity.h */ = {isa = PBXFileReference; fileEncoding = 4; lastKnownFileType = sourcecode.c.h; path = LinkEntity.h; sourceTree = "<group>"; };
		1812538F18FF50AF008303E8 /* LinkEntity.m */ = {isa = PBXFileReference; fileEncoding = 4; lastKnownFileType = sourcecode.c.objc; path = LinkEntity.m; sourceTree = "<group>"; };
		1812539118FF5166008303E8 /* LinkParser.h */ = {isa = PBXFileReference; fileEncoding = 4; lastKnownFileType = sourcecode.c.h; path = LinkParser.h; sourceTree = "<group>"; };
		1812539218FF5166008303E8 /* LinkParser.m */ = {isa = PBXFileReference; fileEncoding = 4; lastKnownFileType = sourcecode.c.objc; path = LinkParser.m; sourceTree = "<group>"; };
		1812539718FF8D19008303E8 /* ModuleEntity.h */ = {isa = PBXFileReference; fileEncoding = 4; lastKnownFileType = sourcecode.c.h; path = ModuleEntity.h; sourceTree = "<group>"; };
		1812539818FF8D19008303E8 /* ModuleEntity.m */ = {isa = PBXFileReference; fileEncoding = 4; lastKnownFileType = sourcecode.c.objc; path = ModuleEntity.m; sourceTree = "<group>"; };
		1812539A18FF8D51008303E8 /* ModuleParser.h */ = {isa = PBXFileReference; fileEncoding = 4; lastKnownFileType = sourcecode.c.h; path = ModuleParser.h; sourceTree = "<group>"; };
		1812539B18FF8D51008303E8 /* ModuleParser.m */ = {isa = PBXFileReference; fileEncoding = 4; lastKnownFileType = sourcecode.c.objc; path = ModuleParser.m; sourceTree = "<group>"; };
		1812539F1904B92A008303E8 /* Redmond2.upe */ = {isa = PBXFileReference; fileEncoding = 4; lastKnownFileType = text; path = Redmond2.upe; sourceTree = "<group>"; };
		181253A11904BD73008303E8 /* ChannelInfoEntity.h */ = {isa = PBXFileReference; fileEncoding = 4; lastKnownFileType = sourcecode.c.h; path = ChannelInfoEntity.h; sourceTree = "<group>"; };
		181253A21904BD73008303E8 /* ChannelInfoEntity.m */ = {isa = PBXFileReference; fileEncoding = 4; lastKnownFileType = sourcecode.c.objc; path = ChannelInfoEntity.m; sourceTree = "<group>"; };
		181253A41904C977008303E8 /* ChannelInfoParser.h */ = {isa = PBXFileReference; fileEncoding = 4; lastKnownFileType = sourcecode.c.h; path = ChannelInfoParser.h; sourceTree = "<group>"; };
		181253A51904C977008303E8 /* ChannelInfoParser.m */ = {isa = PBXFileReference; fileEncoding = 4; lastKnownFileType = sourcecode.c.objc; path = ChannelInfoParser.m; sourceTree = "<group>"; };
		181253A71904CF6C008303E8 /* PresetEntity.h */ = {isa = PBXFileReference; fileEncoding = 4; lastKnownFileType = sourcecode.c.h; path = PresetEntity.h; sourceTree = "<group>"; };
		181253A81904CF6C008303E8 /* PresetEntity.m */ = {isa = PBXFileReference; fileEncoding = 4; lastKnownFileType = sourcecode.c.objc; path = PresetEntity.m; sourceTree = "<group>"; };
		181253AA1904D02D008303E8 /* PresetParser.h */ = {isa = PBXFileReference; fileEncoding = 4; lastKnownFileType = sourcecode.c.h; path = PresetParser.h; sourceTree = "<group>"; };
		181253AB1904D02D008303E8 /* PresetParser.m */ = {isa = PBXFileReference; fileEncoding = 4; lastKnownFileType = sourcecode.c.objc; path = PresetParser.m; sourceTree = "<group>"; };
		181A35D81A133407003A5776 /* DiscreteControlTableViewCell.xib */ = {isa = PBXFileReference; fileEncoding = 4; lastKnownFileType = file.xib; path = DiscreteControlTableViewCell.xib; sourceTree = "<group>"; };
		181A35DB1A133507003A5776 /* DiscreteControlTableViewCell.h */ = {isa = PBXFileReference; fileEncoding = 4; lastKnownFileType = sourcecode.c.h; path = DiscreteControlTableViewCell.h; sourceTree = "<group>"; };
		181A35DC1A133507003A5776 /* DiscreteControlTableViewCell.m */ = {isa = PBXFileReference; fileEncoding = 4; lastKnownFileType = sourcecode.c.objc; path = DiscreteControlTableViewCell.m; sourceTree = "<group>"; };
		1824FCC1190C708900BAAC22 /* RockerEntity.h */ = {isa = PBXFileReference; fileEncoding = 4; lastKnownFileType = sourcecode.c.h; path = RockerEntity.h; sourceTree = "<group>"; };
		1824FCC2190C708900BAAC22 /* RockerEntity.m */ = {isa = PBXFileReference; fileEncoding = 4; lastKnownFileType = sourcecode.c.objc; path = RockerEntity.m; sourceTree = "<group>"; };
		1824FCC4190C71A600BAAC22 /* ButtonEntity.h */ = {isa = PBXFileReference; fileEncoding = 4; lastKnownFileType = sourcecode.c.h; path = ButtonEntity.h; sourceTree = "<group>"; };
		1824FCC5190C71A600BAAC22 /* ButtonEntity.m */ = {isa = PBXFileReference; fileEncoding = 4; lastKnownFileType = sourcecode.c.objc; path = ButtonEntity.m; sourceTree = "<group>"; };
		1824FCC7190C727300BAAC22 /* InputEntity.h */ = {isa = PBXFileReference; fileEncoding = 4; lastKnownFileType = sourcecode.c.h; path = InputEntity.h; sourceTree = "<group>"; };
		1824FCC8190C727300BAAC22 /* InputEntity.m */ = {isa = PBXFileReference; fileEncoding = 4; lastKnownFileType = sourcecode.c.objc; path = InputEntity.m; sourceTree = "<group>"; };
		1824FCCA190C72D300BAAC22 /* VhcEntity.h */ = {isa = PBXFileReference; fileEncoding = 4; lastKnownFileType = sourcecode.c.h; path = VhcEntity.h; sourceTree = "<group>"; };
		1824FCCB190C72D300BAAC22 /* VhcEntity.m */ = {isa = PBXFileReference; fileEncoding = 4; lastKnownFileType = sourcecode.c.objc; path = VhcEntity.m; sourceTree = "<group>"; };
		1824FCCD190C731700BAAC22 /* KeypadEntity.h */ = {isa = PBXFileReference; fileEncoding = 4; lastKnownFileType = sourcecode.c.h; path = KeypadEntity.h; sourceTree = "<group>"; };
		1824FCCE190C731700BAAC22 /* KeypadEntity.m */ = {isa = PBXFileReference; fileEncoding = 4; lastKnownFileType = sourcecode.c.objc; path = KeypadEntity.m; sourceTree = "<group>"; };
		1824FCD0190C73E100BAAC22 /* ThermostatEntity.h */ = {isa = PBXFileReference; fileEncoding = 4; lastKnownFileType = sourcecode.c.h; path = ThermostatEntity.h; sourceTree = "<group>"; };
		1824FCD1190C73E100BAAC22 /* ThermostatEntity.m */ = {isa = PBXFileReference; fileEncoding = 4; lastKnownFileType = sourcecode.c.objc; path = ThermostatEntity.m; sourceTree = "<group>"; };
		1824FCD3190C744800BAAC22 /* XpwEntity.h */ = {isa = PBXFileReference; fileEncoding = 4; lastKnownFileType = sourcecode.c.h; path = XpwEntity.h; sourceTree = "<group>"; };
		1824FCD4190C744800BAAC22 /* XpwEntity.m */ = {isa = PBXFileReference; fileEncoding = 4; lastKnownFileType = sourcecode.c.objc; path = XpwEntity.m; sourceTree = "<group>"; };
		1824FCD6190C748B00BAAC22 /* RfiEntity.h */ = {isa = PBXFileReference; fileEncoding = 4; lastKnownFileType = sourcecode.c.h; path = RfiEntity.h; sourceTree = "<group>"; };
		1824FCD7190C748B00BAAC22 /* RfiEntity.m */ = {isa = PBXFileReference; fileEncoding = 4; lastKnownFileType = sourcecode.c.objc; path = RfiEntity.m; sourceTree = "<group>"; };
		1824FCD9190C8ECA00BAAC22 /* RockerParser.h */ = {isa = PBXFileReference; fileEncoding = 4; lastKnownFileType = sourcecode.c.h; path = RockerParser.h; sourceTree = "<group>"; };
		1824FCDA190C8ECA00BAAC22 /* RockerParser.m */ = {isa = PBXFileReference; fileEncoding = 4; lastKnownFileType = sourcecode.c.objc; path = RockerParser.m; sourceTree = "<group>"; };
		1824FCDE190C916B00BAAC22 /* ButtonParser.h */ = {isa = PBXFileReference; fileEncoding = 4; lastKnownFileType = sourcecode.c.h; path = ButtonParser.h; sourceTree = "<group>"; };
		1824FCDF190C916B00BAAC22 /* ButtonParser.m */ = {isa = PBXFileReference; fileEncoding = 4; lastKnownFileType = sourcecode.c.objc; path = ButtonParser.m; sourceTree = "<group>"; };
		1824FCE1190CAAA000BAAC22 /* InputParser.h */ = {isa = PBXFileReference; fileEncoding = 4; lastKnownFileType = sourcecode.c.h; path = InputParser.h; sourceTree = "<group>"; };
		1824FCE2190CAAA000BAAC22 /* InputParser.m */ = {isa = PBXFileReference; fileEncoding = 4; lastKnownFileType = sourcecode.c.objc; path = InputParser.m; sourceTree = "<group>"; };
		1824FCE4190CAC0000BAAC22 /* VhcParser.h */ = {isa = PBXFileReference; fileEncoding = 4; lastKnownFileType = sourcecode.c.h; path = VhcParser.h; sourceTree = "<group>"; };
		1824FCE5190CAC0000BAAC22 /* VhcParser.m */ = {isa = PBXFileReference; fileEncoding = 4; lastKnownFileType = sourcecode.c.objc; path = VhcParser.m; sourceTree = "<group>"; };
		1824FCE7190CACB200BAAC22 /* KeypadParser.h */ = {isa = PBXFileReference; fileEncoding = 4; lastKnownFileType = sourcecode.c.h; path = KeypadParser.h; sourceTree = "<group>"; };
		1824FCE8190CACB200BAAC22 /* KeypadParser.m */ = {isa = PBXFileReference; fileEncoding = 4; lastKnownFileType = sourcecode.c.objc; path = KeypadParser.m; sourceTree = "<group>"; };
		1824FCEA190CAD9500BAAC22 /* ThermostatParser.h */ = {isa = PBXFileReference; fileEncoding = 4; lastKnownFileType = sourcecode.c.h; path = ThermostatParser.h; sourceTree = "<group>"; };
		1824FCEB190CAD9500BAAC22 /* ThermostatParser.m */ = {isa = PBXFileReference; fileEncoding = 4; lastKnownFileType = sourcecode.c.objc; path = ThermostatParser.m; sourceTree = "<group>"; };
		1824FCED190CAEF500BAAC22 /* XpwParser.h */ = {isa = PBXFileReference; fileEncoding = 4; lastKnownFileType = sourcecode.c.h; path = XpwParser.h; sourceTree = "<group>"; };
		1824FCEE190CAEF500BAAC22 /* XpwParser.m */ = {isa = PBXFileReference; fileEncoding = 4; lastKnownFileType = sourcecode.c.objc; path = XpwParser.m; sourceTree = "<group>"; };
		1824FCF0190CAFCD00BAAC22 /* RfiParser.h */ = {isa = PBXFileReference; fileEncoding = 4; lastKnownFileType = sourcecode.c.h; path = RfiParser.h; sourceTree = "<group>"; };
		1824FCF1190CAFCD00BAAC22 /* RfiParser.m */ = {isa = PBXFileReference; fileEncoding = 4; lastKnownFileType = sourcecode.c.objc; path = RfiParser.m; sourceTree = "<group>"; };
		1824FCF9190D744100BAAC22 /* DevicesTableViewController.h */ = {isa = PBXFileReference; fileEncoding = 4; lastKnownFileType = sourcecode.c.h; path = DevicesTableViewController.h; sourceTree = "<group>"; };
		1824FCFA190D744100BAAC22 /* DevicesTableViewController.m */ = {isa = PBXFileReference; fileEncoding = 4; lastKnownFileType = sourcecode.c.objc; path = DevicesTableViewController.m; sourceTree = "<group>"; };
		1824FCFC190D85B300BAAC22 /* KeypadTableViewController.h */ = {isa = PBXFileReference; fileEncoding = 4; lastKnownFileType = sourcecode.c.h; path = KeypadTableViewController.h; sourceTree = "<group>"; };
		1824FCFD190D85B300BAAC22 /* KeypadTableViewController.m */ = {isa = PBXFileReference; fileEncoding = 4; lastKnownFileType = sourcecode.c.objc; path = KeypadTableViewController.m; sourceTree = "<group>"; };
		1824FCFF190D89C300BAAC22 /* LinkEntitySet.h */ = {isa = PBXFileReference; fileEncoding = 4; lastKnownFileType = sourcecode.c.h; path = LinkEntitySet.h; sourceTree = "<group>"; };
		1824FD00190D89C300BAAC22 /* LinkEntitySet.m */ = {isa = PBXFileReference; fileEncoding = 4; lastKnownFileType = sourcecode.c.objc; path = LinkEntitySet.m; sourceTree = "<group>"; };
		1824FD02190D8A2D00BAAC22 /* PulseWorxEntitySet.h */ = {isa = PBXFileReference; fileEncoding = 4; lastKnownFileType = sourcecode.c.h; path = PulseWorxEntitySet.h; sourceTree = "<group>"; };
		1824FD03190D8A2D00BAAC22 /* PulseWorxEntitySet.m */ = {isa = PBXFileReference; fileEncoding = 4; lastKnownFileType = sourcecode.c.objc; path = PulseWorxEntitySet.m; sourceTree = "<group>"; };
		1824FD06190DB8FF00BAAC22 /* PulseWorxEntitySetDataSource.h */ = {isa = PBXFileReference; lastKnownFileType = sourcecode.c.h; path = PulseWorxEntitySetDataSource.h; sourceTree = "<group>"; };
		1824FD0B190F23FC00BAAC22 /* PulseWorxController.h */ = {isa = PBXFileReference; fileEncoding = 4; lastKnownFileType = sourcecode.c.h; path = PulseWorxController.h; sourceTree = "<group>"; };
		1824FD0C190F23FC00BAAC22 /* PulseWorxController.m */ = {isa = PBXFileReference; fileEncoding = 4; lastKnownFileType = sourcecode.c.objc; path = PulseWorxController.m; sourceTree = "<group>"; };
		1824FD0F1910A0B400BAAC22 /* GCDAsyncSocket.h */ = {isa = PBXFileReference; fileEncoding = 4; lastKnownFileType = sourcecode.c.h; path = GCDAsyncSocket.h; sourceTree = "<group>"; };
		1824FD101910A0B400BAAC22 /* GCDAsyncSocket.m */ = {isa = PBXFileReference; fileEncoding = 4; lastKnownFileType = sourcecode.c.objc; path = GCDAsyncSocket.m; sourceTree = "<group>"; };
		1824FD121912012900BAAC22 /* PulseWorxTransmitCommand.h */ = {isa = PBXFileReference; fileEncoding = 4; lastKnownFileType = sourcecode.c.h; path = PulseWorxTransmitCommand.h; sourceTree = "<group>"; };
		1824FD131912012900BAAC22 /* PulseWorxTransmitCommand.m */ = {isa = PBXFileReference; fileEncoding = 4; lastKnownFileType = sourcecode.c.objc; path = PulseWorxTransmitCommand.m; sourceTree = "<group>"; };
		1824FD15191206F600BAAC22 /* PulseWorxMessageConstants.h */ = {isa = PBXFileReference; lastKnownFileType = sourcecode.c.h; path = PulseWorxMessageConstants.h; sourceTree = "<group>"; };
		1896030D193D6E2F006E2596 /* AddServerTableViewController.h */ = {isa = PBXFileReference; fileEncoding = 4; lastKnownFileType = sourcecode.c.h; path = AddServerTableViewController.h; sourceTree = "<group>"; };
		1896030E193D6E2F006E2596 /* AddServerTableViewController.m */ = {isa = PBXFileReference; fileEncoding = 4; lastKnownFileType = sourcecode.c.objc; path = AddServerTableViewController.m; sourceTree = "<group>"; };
		18960310193D7655006E2596 /* InputTableViewCell.h */ = {isa = PBXFileReference; fileEncoding = 4; lastKnownFileType = sourcecode.c.h; path = InputTableViewCell.h; sourceTree = "<group>"; };
		18960311193D7655006E2596 /* InputTableViewCell.m */ = {isa = PBXFileReference; fileEncoding = 4; lastKnownFileType = sourcecode.c.objc; path = InputTableViewCell.m; sourceTree = "<group>"; };
		18960313193D7663006E2596 /* SwitchTableViewCell.h */ = {isa = PBXFileReference; fileEncoding = 4; lastKnownFileType = sourcecode.c.h; path = SwitchTableViewCell.h; sourceTree = "<group>"; };
		18960314193D7663006E2596 /* SwitchTableViewCell.m */ = {isa = PBXFileReference; fileEncoding = 4; lastKnownFileType = sourcecode.c.objc; path = SwitchTableViewCell.m; sourceTree = "<group>"; };
		18B9D8D919326F87008948FE /* AllLinksTableViewController.h */ = {isa = PBXFileReference; fileEncoding = 4; lastKnownFileType = sourcecode.c.h; path = AllLinksTableViewController.h; sourceTree = "<group>"; };
		18B9D8DA19326F87008948FE /* AllLinksTableViewController.m */ = {isa = PBXFileReference; fileEncoding = 4; lastKnownFileType = sourcecode.c.objc; path = AllLinksTableViewController.m; sourceTree = "<group>"; };
		18C12112191343D500257692 /* ActivateLinkCommand.h */ = {isa = PBXFileReference; fileEncoding = 4; lastKnownFileType = sourcecode.c.h; path = ActivateLinkCommand.h; sourceTree = "<group>"; };
		18C12113191343D500257692 /* ActivateLinkCommand.m */ = {isa = PBXFileReference; fileEncoding = 4; lastKnownFileType = sourcecode.c.objc; path = ActivateLinkCommand.m; sourceTree = "<group>"; };
		18E3EFBE1A133027009B29BC /* SFHFKeychainUtils.h */ = {isa = PBXFileReference; fileEncoding = 4; lastKnownFileType = sourcecode.c.h; name = SFHFKeychainUtils.h; path = ../../../phoenix/master/ClareControls/Common/SFHFKeychainUtils/SFHFKeychainUtils.h; sourceTree = "<group>"; };
		18E3EFBF1A133027009B29BC /* SFHFKeychainUtils.m */ = {isa = PBXFileReference; fileEncoding = 4; lastKnownFileType = sourcecode.c.objc; name = SFHFKeychainUtils.m; path = ../../../phoenix/master/ClareControls/Common/SFHFKeychainUtils/SFHFKeychainUtils.m; sourceTree = "<group>"; };
		A9EAF31F19370F710070A269 /* RampControlScrollView.h */ = {isa = PBXFileReference; fileEncoding = 4; lastKnownFileType = sourcecode.c.h; path = RampControlScrollView.h; sourceTree = "<group>"; };
		A9EAF32019370F710070A269 /* RampControlScrollView.m */ = {isa = PBXFileReference; fileEncoding = 4; lastKnownFileType = sourcecode.c.objc; path = RampControlScrollView.m; sourceTree = "<group>"; };
/* End PBXFileReference section */

/* Begin PBXFrameworksBuildPhase section */
		1812531018FA1112008303E8 /* Frameworks */ = {
			isa = PBXFrameworksBuildPhase;
			buildActionMask = 2147483647;
			files = (
				1812531918FA1112008303E8 /* CoreGraphics.framework in Frameworks */,
				1812531B18FA1112008303E8 /* UIKit.framework in Frameworks */,
				1812531718FA1112008303E8 /* Foundation.framework in Frameworks */,
			);
			runOnlyForDeploymentPostprocessing = 0;
		};
		1812533118FA1112008303E8 /* Frameworks */ = {
			isa = PBXFrameworksBuildPhase;
			buildActionMask = 2147483647;
			files = (
				1812533618FA1112008303E8 /* XCTest.framework in Frameworks */,
				1812533818FA1112008303E8 /* UIKit.framework in Frameworks */,
				1812533718FA1112008303E8 /* Foundation.framework in Frameworks */,
			);
			runOnlyForDeploymentPostprocessing = 0;
		};
/* End PBXFrameworksBuildPhase section */

/* Begin PBXGroup section */
		180AC5A91921A03900DF075A /* Navigation */ = {
			isa = PBXGroup;
			children = (
				1812537A18FAF315008303E8 /* RoomTableViewController.h */,
				1812537B18FAF315008303E8 /* RoomTableViewController.m */,
				1824FCF9190D744100BAAC22 /* DevicesTableViewController.h */,
				1824FCFA190D744100BAAC22 /* DevicesTableViewController.m */,
				18B9D8D919326F87008948FE /* AllLinksTableViewController.h */,
				18B9D8DA19326F87008948FE /* AllLinksTableViewController.m */,
				1824FCFC190D85B300BAAC22 /* KeypadTableViewController.h */,
				1824FCFD190D85B300BAAC22 /* KeypadTableViewController.m */,
				180AC544191F2BE200DF075A /* ChannelTableViewController.h */,
				180AC545191F2BE200DF075A /* ChannelTableViewController.m */,
				180AC547191F2DD200DF075A /* DimmerTableViewController.h */,
				180AC548191F2DD200DF075A /* DimmerTableViewController.m */,
				1896030D193D6E2F006E2596 /* AddServerTableViewController.h */,
				1896030E193D6E2F006E2596 /* AddServerTableViewController.m */,
				18960310193D7655006E2596 /* InputTableViewCell.h */,
				18960311193D7655006E2596 /* InputTableViewCell.m */,
				18960313193D7663006E2596 /* SwitchTableViewCell.h */,
				18960314193D7663006E2596 /* SwitchTableViewCell.m */,
				181A35D81A133407003A5776 /* DiscreteControlTableViewCell.xib */,
				181A35DB1A133507003A5776 /* DiscreteControlTableViewCell.h */,
				181A35DC1A133507003A5776 /* DiscreteControlTableViewCell.m */,
				180AC53C191F04C200DF075A /* PulseWorxTableViewCell.xib */,
				180AC53E191F05A500DF075A /* PulseWorxTableViewCell.h */,
				180AC53F191F05A500DF075A /* PulseWorxTableViewCell.m */,
				180AC5A61921940700DF075A /* RampControl.h */,
				180AC5A71921940700DF075A /* RampControl.m */,
				A9EAF31F19370F710070A269 /* RampControlScrollView.h */,
				A9EAF32019370F710070A269 /* RampControlScrollView.m */,
				180AC553191F428B00DF075A /* DimmerViewController.h */,
				180AC554191F428B00DF075A /* DimmerViewController.m */,
			);
			name = Navigation;
			sourceTree = "<group>";
		};
		1812530A18FA1112008303E8 = {
			isa = PBXGroup;
			children = (
				1812531C18FA1112008303E8 /* PulseWorx */,
				1812533B18FA1112008303E8 /* PulseWorxTests */,
				1812531518FA1112008303E8 /* Frameworks */,
				1812531418FA1112008303E8 /* Products */,
			);
			sourceTree = "<group>";
		};
		1812531418FA1112008303E8 /* Products */ = {
			isa = PBXGroup;
			children = (
				1812531318FA1112008303E8 /* PulseWorx.app */,
				1812533418FA1112008303E8 /* PulseWorxTests.xctest */,
			);
			name = Products;
			sourceTree = "<group>";
		};
		1812531518FA1112008303E8 /* Frameworks */ = {
			isa = PBXGroup;
			children = (
				1812531618FA1112008303E8 /* Foundation.framework */,
				1812531818FA1112008303E8 /* CoreGraphics.framework */,
				1812531A18FA1112008303E8 /* UIKit.framework */,
				1812533518FA1112008303E8 /* XCTest.framework */,
			);
			name = Frameworks;
			sourceTree = "<group>";
		};
		1812531C18FA1112008303E8 /* PulseWorx */ = {
			isa = PBXGroup;
			children = (
				1885AECF1A06B71800235A63 /* Connection */,
				1824FD0E190F240600BAAC22 /* Communication */,
				1812537318FAF2F4008303E8 /* Upe Import */,
				180AC5A91921A03900DF075A /* Navigation */,
				1812532518FA1112008303E8 /* AppDelegate.h */,
				1812532618FA1112008303E8 /* AppDelegate.m */,
				1812532818FA1112008303E8 /* Main.storyboard */,
				1812532B18FA1112008303E8 /* ViewController.h */,
				1812532C18FA1112008303E8 /* ViewController.m */,
				1812532E18FA1112008303E8 /* Images.xcassets */,
				1812531D18FA1112008303E8 /* Supporting Files */,
				1812538418FB15E5008303E8 /* NSString+ParsingExtensions.h */,
				180AC53B191EFE7B00DF075A /* NSData+Conversion.h */,
			);
			path = PulseWorx;
			sourceTree = "<group>";
		};
		1812531D18FA1112008303E8 /* Supporting Files */ = {
			isa = PBXGroup;
			children = (
				1812531E18FA1112008303E8 /* PulseWorx-Info.plist */,
				1812531F18FA1112008303E8 /* InfoPlist.strings */,
				1812532218FA1112008303E8 /* main.m */,
				1812532418FA1112008303E8 /* PulseWorx-Prefix.pch */,
			);
			name = "Supporting Files";
			sourceTree = "<group>";
		};
		1812533B18FA1112008303E8 /* PulseWorxTests */ = {
			isa = PBXGroup;
			children = (
				1812534118FA1112008303E8 /* PulseWorxTests.m */,
				1812533C18FA1112008303E8 /* Supporting Files */,
			);
			path = PulseWorxTests;
			sourceTree = "<group>";
		};
		1812533C18FA1112008303E8 /* Supporting Files */ = {
			isa = PBXGroup;
			children = (
				1812533D18FA1112008303E8 /* PulseWorxTests-Info.plist */,
				1812533E18FA1112008303E8 /* InfoPlist.strings */,
			);
			name = "Supporting Files";
			sourceTree = "<group>";
		};
		1812537318FAF2F4008303E8 /* Upe Import */ = {
			isa = PBXGroup;
			children = (
				1812538318FAF332008303E8 /* Entities */,
				1812538718FCE951008303E8 /* Parsing */,
				1812538518FB186D008303E8 /* Redmond.upe */,
				1812539F1904B92A008303E8 /* Redmond2.upe */,
				1812537D18FAF31D008303E8 /* ImportUpe.h */,
				1812537E18FAF31D008303E8 /* ImportUpe.m */,
			);
			name = "Upe Import";
			sourceTree = "<group>";
		};
		1812538318FAF332008303E8 /* Entities */ = {
			isa = PBXGroup;
			children = (
				1812537618FAF30A008303E8 /* PulseWorxSystem.h */,
				1812537718FAF30A008303E8 /* PulseWorxSystem.m */,
				1824FD06190DB8FF00BAAC22 /* PulseWorxEntitySetDataSource.h */,
				1812537418FAF30A008303E8 /* PulseWorxEntity.h */,
				1812537518FAF30A008303E8 /* PulseWorxEntity.m */,
				1824FD02190D8A2D00BAAC22 /* PulseWorxEntitySet.h */,
				1824FD03190D8A2D00BAAC22 /* PulseWorxEntitySet.m */,
				1812538018FAF327008303E8 /* FileRecordEntity.h */,
				1812538118FAF327008303E8 /* FileRecordEntity.m */,
				1812538E18FF50AF008303E8 /* LinkEntity.h */,
				1812538F18FF50AF008303E8 /* LinkEntity.m */,
				1824FCFF190D89C300BAAC22 /* LinkEntitySet.h */,
				1824FD00190D89C300BAAC22 /* LinkEntitySet.m */,
				1812539718FF8D19008303E8 /* ModuleEntity.h */,
				1812539818FF8D19008303E8 /* ModuleEntity.m */,
				181253A11904BD73008303E8 /* ChannelInfoEntity.h */,
				181253A21904BD73008303E8 /* ChannelInfoEntity.m */,
				181253A71904CF6C008303E8 /* PresetEntity.h */,
				181253A81904CF6C008303E8 /* PresetEntity.m */,
				1824FCC1190C708900BAAC22 /* RockerEntity.h */,
				1824FCC2190C708900BAAC22 /* RockerEntity.m */,
				1824FCC4190C71A600BAAC22 /* ButtonEntity.h */,
				1824FCC5190C71A600BAAC22 /* ButtonEntity.m */,
				1824FCC7190C727300BAAC22 /* InputEntity.h */,
				1824FCC8190C727300BAAC22 /* InputEntity.m */,
				1824FCCA190C72D300BAAC22 /* VhcEntity.h */,
				1824FCCB190C72D300BAAC22 /* VhcEntity.m */,
				1824FCCD190C731700BAAC22 /* KeypadEntity.h */,
				1824FCCE190C731700BAAC22 /* KeypadEntity.m */,
				1824FCD0190C73E100BAAC22 /* ThermostatEntity.h */,
				1824FCD1190C73E100BAAC22 /* ThermostatEntity.m */,
				1824FCD3190C744800BAAC22 /* XpwEntity.h */,
				1824FCD4190C744800BAAC22 /* XpwEntity.m */,
				1824FCD6190C748B00BAAC22 /* RfiEntity.h */,
				1824FCD7190C748B00BAAC22 /* RfiEntity.m */,
			);
			name = Entities;
			sourceTree = "<group>";
		};
		1812538718FCE951008303E8 /* Parsing */ = {
			isa = PBXGroup;
			children = (
				1812538818FCE98B008303E8 /* PulseWorxSystemParser.h */,
				1812538918FCE98B008303E8 /* PulseWorxSystemParser.m */,
				1812538B18FCEBB6008303E8 /* FileRecordParser.h */,
				1812538C18FCEBB6008303E8 /* FileRecordParser.m */,
				1812539118FF5166008303E8 /* LinkParser.h */,
				1812539218FF5166008303E8 /* LinkParser.m */,
				1812539A18FF8D51008303E8 /* ModuleParser.h */,
				1812539B18FF8D51008303E8 /* ModuleParser.m */,
				181253A41904C977008303E8 /* ChannelInfoParser.h */,
				181253A51904C977008303E8 /* ChannelInfoParser.m */,
				181253AA1904D02D008303E8 /* PresetParser.h */,
				181253AB1904D02D008303E8 /* PresetParser.m */,
				1824FCD9190C8ECA00BAAC22 /* RockerParser.h */,
				1824FCDA190C8ECA00BAAC22 /* RockerParser.m */,
				1824FCDE190C916B00BAAC22 /* ButtonParser.h */,
				1824FCDF190C916B00BAAC22 /* ButtonParser.m */,
				1824FCE1190CAAA000BAAC22 /* InputParser.h */,
				1824FCE2190CAAA000BAAC22 /* InputParser.m */,
				1824FCE4190CAC0000BAAC22 /* VhcParser.h */,
				1824FCE5190CAC0000BAAC22 /* VhcParser.m */,
				1824FCE7190CACB200BAAC22 /* KeypadParser.h */,
				1824FCE8190CACB200BAAC22 /* KeypadParser.m */,
				1824FCEA190CAD9500BAAC22 /* ThermostatParser.h */,
				1824FCEB190CAD9500BAAC22 /* ThermostatParser.m */,
				1824FCED190CAEF500BAAC22 /* XpwParser.h */,
				1824FCEE190CAEF500BAAC22 /* XpwParser.m */,
				1824FCF0190CAFCD00BAAC22 /* RfiParser.h */,
				1824FCF1190CAFCD00BAAC22 /* RfiParser.m */,
			);
			name = Parsing;
			sourceTree = "<group>";
		};
		1824FD0E190F240600BAAC22 /* Communication */ = {
			isa = PBXGroup;
			children = (
				1824FD15191206F600BAAC22 /* PulseWorxMessageConstants.h */,
				1824FD121912012900BAAC22 /* PulseWorxTransmitCommand.h */,
				1824FD131912012900BAAC22 /* PulseWorxTransmitCommand.m */,
				18C12112191343D500257692 /* ActivateLinkCommand.h */,
				18C12113191343D500257692 /* ActivateLinkCommand.m */,
				180AC5AA19256B9000DF075A /* DeactivateLinkCommand.h */,
				180AC5AB19256B9000DF075A /* DeactivateLinkCommand.m */,
				180AC54A191F323500DF075A /* FadeStartCommand.h */,
				180AC54B191F323500DF075A /* FadeStartCommand.m */,
				180AC556191F48BB00DF075A /* FadeStopCommand.h */,
				180AC557191F48BB00DF075A /* FadeStopCommand.m */,
			);
			name = Communication;
			sourceTree = "<group>";
		};
		1885AECF1A06B71800235A63 /* Connection */ = {
			isa = PBXGroup;
			children = (
				1824FD0F1910A0B400BAAC22 /* GCDAsyncSocket.h */,
				1824FD101910A0B400BAAC22 /* GCDAsyncSocket.m */,
				1824FD0B190F23FC00BAAC22 /* PulseWorxController.h */,
				1824FD0C190F23FC00BAAC22 /* PulseWorxController.m */,
				18E3EFBE1A133027009B29BC /* SFHFKeychainUtils.h */,
				18E3EFBF1A133027009B29BC /* SFHFKeychainUtils.m */,
			);
			name = Connection;
			sourceTree = "<group>";
		};
/* End PBXGroup section */

/* Begin PBXNativeTarget section */
		1812531218FA1112008303E8 /* PulseWorx */ = {
			isa = PBXNativeTarget;
			buildConfigurationList = 1812534518FA1112008303E8 /* Build configuration list for PBXNativeTarget "PulseWorx" */;
			buildPhases = (
				1812530F18FA1112008303E8 /* Sources */,
				1812531018FA1112008303E8 /* Frameworks */,
				1812531118FA1112008303E8 /* Resources */,
			);
			buildRules = (
			);
			dependencies = (
			);
			name = PulseWorx;
			productName = PulseWorx;
			productReference = 1812531318FA1112008303E8 /* PulseWorx.app */;
			productType = "com.apple.product-type.application";
		};
		1812533318FA1112008303E8 /* PulseWorxTests */ = {
			isa = PBXNativeTarget;
			buildConfigurationList = 1812534818FA1112008303E8 /* Build configuration list for PBXNativeTarget "PulseWorxTests" */;
			buildPhases = (
				1812533018FA1112008303E8 /* Sources */,
				1812533118FA1112008303E8 /* Frameworks */,
				1812533218FA1112008303E8 /* Resources */,
			);
			buildRules = (
			);
			dependencies = (
				1812533A18FA1112008303E8 /* PBXTargetDependency */,
			);
			name = PulseWorxTests;
			productName = PulseWorxTests;
			productReference = 1812533418FA1112008303E8 /* PulseWorxTests.xctest */;
			productType = "com.apple.product-type.bundle.unit-test";
		};
/* End PBXNativeTarget section */

/* Begin PBXProject section */
		1812530B18FA1112008303E8 /* Project object */ = {
			isa = PBXProject;
			attributes = {
				LastUpgradeCheck = 0510;
				ORGANIZATIONNAME = "Brett Vitaz";
				TargetAttributes = {
					1812531218FA1112008303E8 = {
						DevelopmentTeam = XH38UHTNGY;
					};
					1812533318FA1112008303E8 = {
						TestTargetID = 1812531218FA1112008303E8;
					};
				};
			};
			buildConfigurationList = 1812530E18FA1112008303E8 /* Build configuration list for PBXProject "PulseWorx" */;
			compatibilityVersion = "Xcode 3.2";
			developmentRegion = English;
			hasScannedForEncodings = 0;
			knownRegions = (
				en,
				Base,
			);
			mainGroup = 1812530A18FA1112008303E8;
			productRefGroup = 1812531418FA1112008303E8 /* Products */;
			projectDirPath = "";
			projectRoot = "";
			targets = (
				1812531218FA1112008303E8 /* PulseWorx */,
				1812533318FA1112008303E8 /* PulseWorxTests */,
			);
		};
/* End PBXProject section */

/* Begin PBXResourcesBuildPhase section */
		1812531118FA1112008303E8 /* Resources */ = {
			isa = PBXResourcesBuildPhase;
			buildActionMask = 2147483647;
			files = (
				1812538618FB186D008303E8 /* Redmond.upe in Resources */,
				1812532F18FA1112008303E8 /* Images.xcassets in Resources */,
				1812532118FA1112008303E8 /* InfoPlist.strings in Resources */,
				180AC53D191F04C200DF075A /* PulseWorxTableViewCell.xib in Resources */,
				181253A01904B92A008303E8 /* Redmond2.upe in Resources */,
				181A35D91A133407003A5776 /* DiscreteControlTableViewCell.xib in Resources */,
				1812532A18FA1112008303E8 /* Main.storyboard in Resources */,
			);
			runOnlyForDeploymentPostprocessing = 0;
		};
		1812533218FA1112008303E8 /* Resources */ = {
			isa = PBXResourcesBuildPhase;
			buildActionMask = 2147483647;
			files = (
				1812534018FA1112008303E8 /* InfoPlist.strings in Resources */,
			);
			runOnlyForDeploymentPostprocessing = 0;
		};
/* End PBXResourcesBuildPhase section */

/* Begin PBXSourcesBuildPhase section */
		1812530F18FA1112008303E8 /* Sources */ = {
			isa = PBXSourcesBuildPhase;
			buildActionMask = 2147483647;
			files = (
				181253A61904C977008303E8 /* ChannelInfoParser.m in Sources */,
				1824FCC9190C727300BAAC22 /* InputEntity.m in Sources */,
				1824FD141912012900BAAC22 /* PulseWorxTransmitCommand.m in Sources */,
				180AC558191F48BB00DF075A /* FadeStopCommand.m in Sources */,
				1812532D18FA1112008303E8 /* ViewController.m in Sources */,
				1824FCCF190C731700BAAC22 /* KeypadEntity.m in Sources */,
				1824FCC3190C708900BAAC22 /* RockerEntity.m in Sources */,
				1824FCFB190D744100BAAC22 /* DevicesTableViewController.m in Sources */,
				1824FCEC190CAD9500BAAC22 /* ThermostatParser.m in Sources */,
				180AC5A81921940700DF075A /* RampControl.m in Sources */,
				1812538218FAF327008303E8 /* FileRecordEntity.m in Sources */,
				1824FD01190D89C300BAAC22 /* LinkEntitySet.m in Sources */,
				1896030F193D6E2F006E2596 /* AddServerTableViewController.m in Sources */,
				18B9D8DB19326F87008948FE /* AllLinksTableViewController.m in Sources */,
				1824FCE9190CACB200BAAC22 /* KeypadParser.m in Sources */,
				18960315193D7663006E2596 /* SwitchTableViewCell.m in Sources */,
				1824FD0D190F23FC00BAAC22 /* PulseWorxController.m in Sources */,
				1824FCE0190C916B00BAAC22 /* ButtonParser.m in Sources */,
				1812539918FF8D19008303E8 /* ModuleEntity.m in Sources */,
				1812539318FF5166008303E8 /* LinkParser.m in Sources */,
				180AC540191F05A500DF075A /* PulseWorxTableViewCell.m in Sources */,
				181253A91904CF6C008303E8 /* PresetEntity.m in Sources */,
				1824FCE3190CAAA000BAAC22 /* InputParser.m in Sources */,
				1824FD111910A0B400BAAC22 /* GCDAsyncSocket.m in Sources */,
				180AC546191F2BE200DF075A /* ChannelTableViewController.m in Sources */,
				1812537918FAF30A008303E8 /* PulseWorxSystem.m in Sources */,
				1824FCF2190CAFCD00BAAC22 /* RfiParser.m in Sources */,
				18E3EFC01A133027009B29BC /* SFHFKeychainUtils.m in Sources */,
				1812537C18FAF315008303E8 /* RoomTableViewController.m in Sources */,
				180AC5AC19256B9000DF075A /* DeactivateLinkCommand.m in Sources */,
				180AC54C191F323500DF075A /* FadeStartCommand.m in Sources */,
				1812539018FF50AF008303E8 /* LinkEntity.m in Sources */,
				1824FCD8190C748B00BAAC22 /* RfiEntity.m in Sources */,
				181A35DD1A133507003A5776 /* DiscreteControlTableViewCell.m in Sources */,
				1824FCFE190D85B300BAAC22 /* KeypadTableViewController.m in Sources */,
				1824FCEF190CAEF500BAAC22 /* XpwParser.m in Sources */,
				A9EAF32119370F710070A269 /* RampControlScrollView.m in Sources */,
				1824FCC6190C71A600BAAC22 /* ButtonEntity.m in Sources */,
				1824FCD2190C73E100BAAC22 /* ThermostatEntity.m in Sources */,
				1812532718FA1112008303E8 /* AppDelegate.m in Sources */,
				1824FCD5190C744800BAAC22 /* XpwEntity.m in Sources */,
				1812538A18FCE98B008303E8 /* PulseWorxSystemParser.m in Sources */,
				1824FCCC190C72D300BAAC22 /* VhcEntity.m in Sources */,
				1824FCDB190C8ECA00BAAC22 /* RockerParser.m in Sources */,
				181253AC1904D02D008303E8 /* PresetParser.m in Sources */,
				1812537818FAF30A008303E8 /* PulseWorxEntity.m in Sources */,
				1812537F18FAF31D008303E8 /* ImportUpe.m in Sources */,
				1812532318FA1112008303E8 /* main.m in Sources */,
				18C12114191343D500257692 /* ActivateLinkCommand.m in Sources */,
				180AC549191F2DD200DF075A /* DimmerTableViewController.m in Sources */,
				1812538D18FCEBB6008303E8 /* FileRecordParser.m in Sources */,
				180AC555191F428B00DF075A /* DimmerViewController.m in Sources */,
				1812539C18FF8D51008303E8 /* ModuleParser.m in Sources */,
				1824FD04190D8A2D00BAAC22 /* PulseWorxEntitySet.m in Sources */,
				1824FCE6190CAC0000BAAC22 /* VhcParser.m in Sources */,
				18960312193D7655006E2596 /* InputTableViewCell.m in Sources */,
				181253A31904BD73008303E8 /* ChannelInfoEntity.m in Sources */,
			);
			runOnlyForDeploymentPostprocessing = 0;
		};
		1812533018FA1112008303E8 /* Sources */ = {
			isa = PBXSourcesBuildPhase;
			buildActionMask = 2147483647;
			files = (
				1812534218FA1112008303E8 /* PulseWorxTests.m in Sources */,
			);
			runOnlyForDeploymentPostprocessing = 0;
		};
/* End PBXSourcesBuildPhase section */

/* Begin PBXTargetDependency section */
		1812533A18FA1112008303E8 /* PBXTargetDependency */ = {
			isa = PBXTargetDependency;
			target = 1812531218FA1112008303E8 /* PulseWorx */;
			targetProxy = 1812533918FA1112008303E8 /* PBXContainerItemProxy */;
		};
/* End PBXTargetDependency section */

/* Begin PBXVariantGroup section */
		1812531F18FA1112008303E8 /* InfoPlist.strings */ = {
			isa = PBXVariantGroup;
			children = (
				1812532018FA1112008303E8 /* en */,
			);
			name = InfoPlist.strings;
			sourceTree = "<group>";
		};
		1812532818FA1112008303E8 /* Main.storyboard */ = {
			isa = PBXVariantGroup;
			children = (
				1812532918FA1112008303E8 /* Base */,
			);
			name = Main.storyboard;
			sourceTree = "<group>";
		};
		1812533E18FA1112008303E8 /* InfoPlist.strings */ = {
			isa = PBXVariantGroup;
			children = (
				1812533F18FA1112008303E8 /* en */,
			);
			name = InfoPlist.strings;
			sourceTree = "<group>";
		};
/* End PBXVariantGroup section */

/* Begin XCBuildConfiguration section */
		1812534318FA1112008303E8 /* Debug */ = {
			isa = XCBuildConfiguration;
			buildSettings = {
				ALWAYS_SEARCH_USER_PATHS = NO;
				CLANG_CXX_LANGUAGE_STANDARD = "gnu++0x";
				CLANG_CXX_LIBRARY = "libc++";
				CLANG_ENABLE_MODULES = YES;
				CLANG_ENABLE_OBJC_ARC = YES;
				CLANG_WARN_BOOL_CONVERSION = YES;
				CLANG_WARN_CONSTANT_CONVERSION = YES;
				CLANG_WARN_DIRECT_OBJC_ISA_USAGE = YES_ERROR;
				CLANG_WARN_EMPTY_BODY = YES;
				CLANG_WARN_ENUM_CONVERSION = YES;
				CLANG_WARN_INT_CONVERSION = YES;
				CLANG_WARN_OBJC_ROOT_CLASS = YES_ERROR;
				CLANG_WARN__DUPLICATE_METHOD_MATCH = YES;
				"CODE_SIGN_IDENTITY[sdk=iphoneos*]" = "iPhone Developer";
				COPY_PHASE_STRIP = NO;
				GCC_C_LANGUAGE_STANDARD = gnu99;
				GCC_DYNAMIC_NO_PIC = NO;
				GCC_OPTIMIZATION_LEVEL = 0;
				GCC_PREPROCESSOR_DEFINITIONS = (
					"DEBUG=1",
					"$(inherited)",
				);
				GCC_SYMBOLS_PRIVATE_EXTERN = NO;
				GCC_WARN_64_TO_32_BIT_CONVERSION = YES;
				GCC_WARN_ABOUT_RETURN_TYPE = YES_ERROR;
				GCC_WARN_UNDECLARED_SELECTOR = YES;
				GCC_WARN_UNINITIALIZED_AUTOS = YES_AGGRESSIVE;
				GCC_WARN_UNUSED_FUNCTION = YES;
				GCC_WARN_UNUSED_VARIABLE = YES;
				IPHONEOS_DEPLOYMENT_TARGET = 7.1;
				ONLY_ACTIVE_ARCH = YES;
				SDKROOT = iphoneos;
			};
			name = Debug;
		};
		1812534418FA1112008303E8 /* Release */ = {
			isa = XCBuildConfiguration;
			buildSettings = {
				ALWAYS_SEARCH_USER_PATHS = NO;
				CLANG_CXX_LANGUAGE_STANDARD = "gnu++0x";
				CLANG_CXX_LIBRARY = "libc++";
				CLANG_ENABLE_MODULES = YES;
				CLANG_ENABLE_OBJC_ARC = YES;
				CLANG_WARN_BOOL_CONVERSION = YES;
				CLANG_WARN_CONSTANT_CONVERSION = YES;
				CLANG_WARN_DIRECT_OBJC_ISA_USAGE = YES_ERROR;
				CLANG_WARN_EMPTY_BODY = YES;
				CLANG_WARN_ENUM_CONVERSION = YES;
				CLANG_WARN_INT_CONVERSION = YES;
				CLANG_WARN_OBJC_ROOT_CLASS = YES_ERROR;
				CLANG_WARN__DUPLICATE_METHOD_MATCH = YES;
				"CODE_SIGN_IDENTITY[sdk=iphoneos*]" = "iPhone Developer";
				COPY_PHASE_STRIP = YES;
				ENABLE_NS_ASSERTIONS = NO;
				GCC_C_LANGUAGE_STANDARD = gnu99;
				GCC_WARN_64_TO_32_BIT_CONVERSION = YES;
				GCC_WARN_ABOUT_RETURN_TYPE = YES_ERROR;
				GCC_WARN_UNDECLARED_SELECTOR = YES;
				GCC_WARN_UNINITIALIZED_AUTOS = YES_AGGRESSIVE;
				GCC_WARN_UNUSED_FUNCTION = YES;
				GCC_WARN_UNUSED_VARIABLE = YES;
				IPHONEOS_DEPLOYMENT_TARGET = 7.1;
				SDKROOT = iphoneos;
				VALIDATE_PRODUCT = YES;
			};
			name = Release;
		};
		1812534618FA1112008303E8 /* Debug */ = {
			isa = XCBuildConfiguration;
			buildSettings = {
				ASSETCATALOG_COMPILER_APPICON_NAME = AppIcon;
				ASSETCATALOG_COMPILER_LAUNCHIMAGE_NAME = LaunchImage;
				CODE_SIGN_IDENTITY = "iPhone Developer";
				GCC_PRECOMPILE_PREFIX_HEADER = YES;
				GCC_PREFIX_HEADER = "PulseWorx/PulseWorx-Prefix.pch";
				INFOPLIST_FILE = "PulseWorx/PulseWorx-Info.plist";
				IPHONEOS_DEPLOYMENT_TARGET = 7.0;
				PRODUCT_NAME = "$(TARGET_NAME)";
				WRAPPER_EXTENSION = app;
			};
			name = Debug;
		};
		1812534718FA1112008303E8 /* Release */ = {
			isa = XCBuildConfiguration;
			buildSettings = {
				ASSETCATALOG_COMPILER_APPICON_NAME = AppIcon;
				ASSETCATALOG_COMPILER_LAUNCHIMAGE_NAME = LaunchImage;
				CODE_SIGN_IDENTITY = "iPhone Developer";
				GCC_PRECOMPILE_PREFIX_HEADER = YES;
				GCC_PREFIX_HEADER = "PulseWorx/PulseWorx-Prefix.pch";
				INFOPLIST_FILE = "PulseWorx/PulseWorx-Info.plist";
				IPHONEOS_DEPLOYMENT_TARGET = 7.0;
				PRODUCT_NAME = "$(TARGET_NAME)";
				WRAPPER_EXTENSION = app;
			};
			name = Release;
		};
		1812534918FA1112008303E8 /* Debug */ = {
			isa = XCBuildConfiguration;
			buildSettings = {
				BUNDLE_LOADER = "$(BUILT_PRODUCTS_DIR)/PulseWorx.app/PulseWorx";
				FRAMEWORK_SEARCH_PATHS = (
					"$(SDKROOT)/Developer/Library/Frameworks",
					"$(inherited)",
					"$(DEVELOPER_FRAMEWORKS_DIR)",
				);
				GCC_PRECOMPILE_PREFIX_HEADER = YES;
				GCC_PREFIX_HEADER = "PulseWorx/PulseWorx-Prefix.pch";
				GCC_PREPROCESSOR_DEFINITIONS = (
					"DEBUG=1",
					"$(inherited)",
				);
				INFOPLIST_FILE = "PulseWorxTests/PulseWorxTests-Info.plist";
				PRODUCT_NAME = "$(TARGET_NAME)";
				TEST_HOST = "$(BUNDLE_LOADER)";
				WRAPPER_EXTENSION = xctest;
			};
			name = Debug;
		};
		1812534A18FA1112008303E8 /* Release */ = {
			isa = XCBuildConfiguration;
			buildSettings = {
				BUNDLE_LOADER = "$(BUILT_PRODUCTS_DIR)/PulseWorx.app/PulseWorx";
				FRAMEWORK_SEARCH_PATHS = (
					"$(SDKROOT)/Developer/Library/Frameworks",
					"$(inherited)",
					"$(DEVELOPER_FRAMEWORKS_DIR)",
				);
				GCC_PRECOMPILE_PREFIX_HEADER = YES;
				GCC_PREFIX_HEADER = "PulseWorx/PulseWorx-Prefix.pch";
				INFOPLIST_FILE = "PulseWorxTests/PulseWorxTests-Info.plist";
				PRODUCT_NAME = "$(TARGET_NAME)";
				TEST_HOST = "$(BUNDLE_LOADER)";
				WRAPPER_EXTENSION = xctest;
			};
			name = Release;
		};
/* End XCBuildConfiguration section */

/* Begin XCConfigurationList section */
		1812530E18FA1112008303E8 /* Build configuration list for PBXProject "PulseWorx" */ = {
			isa = XCConfigurationList;
			buildConfigurations = (
				1812534318FA1112008303E8 /* Debug */,
				1812534418FA1112008303E8 /* Release */,
			);
			defaultConfigurationIsVisible = 0;
			defaultConfigurationName = Release;
		};
		1812534518FA1112008303E8 /* Build configuration list for PBXNativeTarget "PulseWorx" */ = {
			isa = XCConfigurationList;
			buildConfigurations = (
				1812534618FA1112008303E8 /* Debug */,
				1812534718FA1112008303E8 /* Release */,
			);
			defaultConfigurationIsVisible = 0;
			defaultConfigurationName = Release;
		};
		1812534818FA1112008303E8 /* Build configuration list for PBXNativeTarget "PulseWorxTests" */ = {
			isa = XCConfigurationList;
			buildConfigurations = (
				1812534918FA1112008303E8 /* Debug */,
				1812534A18FA1112008303E8 /* Release */,
			);
			defaultConfigurationIsVisible = 0;
			defaultConfigurationName = Release;
		};
/* End XCConfigurationList section */
	};
	rootObject = 1812530B18FA1112008303E8 /* Project object */;
}
